// !$*UTF8*$!
{
	archiveVersion = 1;
	classes = {
	};
	objectVersion = 46;
	objects = {

/* Begin PBXBuildFile section */
		2B1276471A47ECD600F6ED44 /* iiUIColorTests.swift in Sources */ = {isa = PBXBuildFile; fileRef = 2B1276451A47ECCD00F6ED44 /* iiUIColorTests.swift */; };
		2B23E82F1A52646D0062A01F /* CongratsPhraseTests.swift in Sources */ = {isa = PBXBuildFile; fileRef = 2B23E82D1A5264670062A01F /* CongratsPhraseTests.swift */; };
		2B5338A11A5284AE0082DC93 /* WalkCirlesReachedTodayTests.swift in Sources */ = {isa = PBXBuildFile; fileRef = 2B53389F1A52848D0082DC93 /* WalkCirlesReachedTodayTests.swift */; };
		2B5338A91A5289B60082DC93 /* iiDateTests.swift in Sources */ = {isa = PBXBuildFile; fileRef = 2B5338A71A52897E0082DC93 /* iiDateTests.swift */; };
		2B6D35D1197A5782008DDAE4 /* iiGeoTests.swift in Sources */ = {isa = PBXBuildFile; fileRef = 2B6D35D0197A5782008DDAE4 /* iiGeoTests.swift */; };
		2B770A6019E8D7E100C28177 /* Launch Screen.xib in Resources */ = {isa = PBXBuildFile; fileRef = 2B770A5F19E8D7E100C28177 /* Launch Screen.xib */; };
		2B7C38E11A4ABAEB00C3FDA7 /* WalkQuotesLoaderTests.swift in Sources */ = {isa = PBXBuildFile; fileRef = 2B7C38DF1A4ABAE700C3FDA7 /* WalkQuotesLoaderTests.swift */; };
		2B7C38EA1A4ACA2B00C3FDA7 /* YiiQuotes.swift in Sources */ = {isa = PBXBuildFile; fileRef = 2B7C38E81A4AC9DE00C3FDA7 /* YiiQuotes.swift */; };
		2B9BA3B919970EA3009C0DE0 /* ButtonOverlapTests.swift in Sources */ = {isa = PBXBuildFile; fileRef = 2B9BA3B819970EA3009C0DE0 /* ButtonOverlapTests.swift */; };
		2B9BA3E619974555009C0DE0 /* scrollToAnnotationTests.swift in Sources */ = {isa = PBXBuildFile; fileRef = 2B9BA3E519974555009C0DE0 /* scrollToAnnotationTests.swift */; };
		2BCCDB921968DC63005C4A47 /* AppDelegate.swift in Sources */ = {isa = PBXBuildFile; fileRef = 2BCCDB911968DC63005C4A47 /* AppDelegate.swift */; };
		2BCCDB971968DC63005C4A47 /* Main.storyboard in Resources */ = {isa = PBXBuildFile; fileRef = 2BCCDB951968DC63005C4A47 /* Main.storyboard */; };
		2BCCDB991968DC63005C4A47 /* Images.xcassets in Resources */ = {isa = PBXBuildFile; fileRef = 2BCCDB981968DC63005C4A47 /* Images.xcassets */; };
		2BCCDBAF1968DD6B005C4A47 /* MapKit.framework in Frameworks */ = {isa = PBXBuildFile; fileRef = 2BCCDBAE1968DD6B005C4A47 /* MapKit.framework */; };
		2BCF7B6D1A5136C80007B062 /* WalkCoordinateTests.swift in Sources */ = {isa = PBXBuildFile; fileRef = 2BCF7B6B1A5136B80007B062 /* WalkCoordinateTests.swift */; };
		2BE4D71B1A54B304006B600D /* CongratsSoundsTests.swift in Sources */ = {isa = PBXBuildFile; fileRef = 2BE4D7191A54B2F4006B600D /* CongratsSoundsTests.swift */; };
		2BE4D7471A54DA04006B600D /* WalkQuotePickerTests.swift in Sources */ = {isa = PBXBuildFile; fileRef = 2BE4D7451A54D9EC006B600D /* WalkQuotePickerTests.swift */; };
		7E1C5F321C1FCA0B00172642 /* main.swift in Sources */ = {isa = PBXBuildFile; fileRef = 7E1C5F311C1FCA0B00172642 /* main.swift */; };
		7E1C5F341C1FCA2600172642 /* AppDelegateFactory.swift in Sources */ = {isa = PBXBuildFile; fileRef = 7E1C5F331C1FCA2600172642 /* AppDelegateFactory.swift */; };
		7E1C5F361C1FCA5700172642 /* UnitTestAppDelegate.swift in Sources */ = {isa = PBXBuildFile; fileRef = 7E1C5F351C1FCA5700172642 /* UnitTestAppDelegate.swift */; };
		7E1C5F431C1FCE3F00172642 /* CutePossumParser.swift in Sources */ = {isa = PBXBuildFile; fileRef = 7E1C5F3A1C1FCE3F00172642 /* CutePossumParser.swift */; };
		7E1C5F461C1FCE3F00172642 /* TegScrolledContent.swift in Sources */ = {isa = PBXBuildFile; fileRef = 7E1C5F3E1C1FCE3F00172642 /* TegScrolledContent.swift */; };
		7E1C5F471C1FCE3F00172642 /* iiFaderForAvAudioPlayer.swift in Sources */ = {isa = PBXBuildFile; fileRef = 7E1C5F401C1FCE3F00172642 /* iiFaderForAvAudioPlayer.swift */; };
		7E1C5F561C1FCF4C00172642 /* WalkCircleMonitor.swift in Sources */ = {isa = PBXBuildFile; fileRef = 7E1C5F4A1C1FCF4C00172642 /* WalkCircleMonitor.swift */; };
		7E1C5F571C1FCF4C00172642 /* WalkCirlesReachedToday.swift in Sources */ = {isa = PBXBuildFile; fileRef = 7E1C5F4B1C1FCF4C00172642 /* WalkCirlesReachedToday.swift */; };
		7E1C5F581C1FCF4C00172642 /* WalkColors.swift in Sources */ = {isa = PBXBuildFile; fileRef = 7E1C5F4C1C1FCF4C00172642 /* WalkColors.swift */; };
		7E1C5F591C1FCF4C00172642 /* WalkConstants.swift in Sources */ = {isa = PBXBuildFile; fileRef = 7E1C5F4D1C1FCF4C00172642 /* WalkConstants.swift */; };
		7E1C5F5A1C1FCF4C00172642 /* WalkCoordinate.swift in Sources */ = {isa = PBXBuildFile; fileRef = 7E1C5F4E1C1FCF4C00172642 /* WalkCoordinate.swift */; };
		7E1C5F5B1C1FCF4C00172642 /* WalkCoordinateUserDefaultsSerializer.swift in Sources */ = {isa = PBXBuildFile; fileRef = 7E1C5F4F1C1FCF4C00172642 /* WalkCoordinateUserDefaultsSerializer.swift */; };
		7E1C5F5C1C1FCF4C00172642 /* WalkLocation.swift in Sources */ = {isa = PBXBuildFile; fileRef = 7E1C5F501C1FCF4C00172642 /* WalkLocation.swift */; };
		7E1C5F5D1C1FCF4C00172642 /* WalkNotification.swift in Sources */ = {isa = PBXBuildFile; fileRef = 7E1C5F511C1FCF4C00172642 /* WalkNotification.swift */; };
		7E1C5F5E1C1FCF4C00172642 /* WalkSoundType.swift in Sources */ = {isa = PBXBuildFile; fileRef = 7E1C5F521C1FCF4C00172642 /* WalkSoundType.swift */; };
		7E1C5F5F1C1FCF4C00172642 /* WalkTutorial.swift in Sources */ = {isa = PBXBuildFile; fileRef = 7E1C5F531C1FCF4C00172642 /* WalkTutorial.swift */; };
		7E1C5F601C1FCF4C00172642 /* WalkUserDefaults.swift in Sources */ = {isa = PBXBuildFile; fileRef = 7E1C5F541C1FCF4C00172642 /* WalkUserDefaults.swift */; };
		7E1C5F611C1FCF4C00172642 /* WalkViewControllers.swift in Sources */ = {isa = PBXBuildFile; fileRef = 7E1C5F551C1FCF4C00172642 /* WalkViewControllers.swift */; };
		7E1C5F801C1FD02900172642 /* branch_background.jpg in Resources */ = {isa = PBXBuildFile; fileRef = 7E1C5F641C1FD02900172642 /* branch_background.jpg */; };
		7E1C5F811C1FD02900172642 /* launch_screen_background_1024x1024.png in Resources */ = {isa = PBXBuildFile; fileRef = 7E1C5F651C1FD02900172642 /* launch_screen_background_1024x1024.png */; };
		7E1C5F821C1FD02900172642 /* continue.png in Resources */ = {isa = PBXBuildFile; fileRef = 7E1C5F671C1FD02900172642 /* continue.png */; };
		7E1C5F831C1FD02900172642 /* continue@2x.png in Resources */ = {isa = PBXBuildFile; fileRef = 7E1C5F681C1FD02900172642 /* continue@2x.png */; };
		7E1C5F841C1FD02900172642 /* continue@3x.png in Resources */ = {isa = PBXBuildFile; fileRef = 7E1C5F691C1FD02900172642 /* continue@3x.png */; };
		7E1C5F851C1FD02900172642 /* continue_highlighted.png in Resources */ = {isa = PBXBuildFile; fileRef = 7E1C5F6A1C1FD02900172642 /* continue_highlighted.png */; };
		7E1C5F861C1FD02900172642 /* continue_highlighted@2x.png in Resources */ = {isa = PBXBuildFile; fileRef = 7E1C5F6B1C1FD02900172642 /* continue_highlighted@2x.png */; };
		7E1C5F871C1FD02900172642 /* continue_highlighted@3x.png in Resources */ = {isa = PBXBuildFile; fileRef = 7E1C5F6C1C1FD02900172642 /* continue_highlighted@3x.png */; };
		7E1C5F881C1FD02900172642 /* play.png in Resources */ = {isa = PBXBuildFile; fileRef = 7E1C5F6E1C1FD02900172642 /* play.png */; };
		7E1C5F891C1FD02900172642 /* play@2x.png in Resources */ = {isa = PBXBuildFile; fileRef = 7E1C5F6F1C1FD02900172642 /* play@2x.png */; };
		7E1C5F8A1C1FD02900172642 /* play@3x.png in Resources */ = {isa = PBXBuildFile; fileRef = 7E1C5F701C1FD02900172642 /* play@3x.png */; };
		7E1C5F8B1C1FD02900172642 /* rewind.png in Resources */ = {isa = PBXBuildFile; fileRef = 7E1C5F721C1FD02900172642 /* rewind.png */; };
		7E1C5F8C1C1FD02900172642 /* rewind@2x.png in Resources */ = {isa = PBXBuildFile; fileRef = 7E1C5F731C1FD02900172642 /* rewind@2x.png */; };
		7E1C5F8D1C1FD02900172642 /* rewind@3x.png in Resources */ = {isa = PBXBuildFile; fileRef = 7E1C5F741C1FD02900172642 /* rewind@3x.png */; };
		7E1C5F8E1C1FD02900172642 /* rewind_arrows.png in Resources */ = {isa = PBXBuildFile; fileRef = 7E1C5F761C1FD02900172642 /* rewind_arrows.png */; };
		7E1C5F8F1C1FD02900172642 /* rewind_arrows@2x.png in Resources */ = {isa = PBXBuildFile; fileRef = 7E1C5F771C1FD02900172642 /* rewind_arrows@2x.png */; };
		7E1C5F901C1FD02900172642 /* rewind_arrows@3x.png in Resources */ = {isa = PBXBuildFile; fileRef = 7E1C5F781C1FD02900172642 /* rewind_arrows@3x.png */; };
		7E1C5F911C1FD02900172642 /* stop.png in Resources */ = {isa = PBXBuildFile; fileRef = 7E1C5F7A1C1FD02900172642 /* stop.png */; };
		7E1C5F921C1FD02900172642 /* stop@2x.png in Resources */ = {isa = PBXBuildFile; fileRef = 7E1C5F7B1C1FD02900172642 /* stop@2x.png */; };
		7E1C5F931C1FD02900172642 /* stop@3x.png in Resources */ = {isa = PBXBuildFile; fileRef = 7E1C5F7C1C1FD02900172642 /* stop@3x.png */; };
		7E1C5F941C1FD02900172642 /* stop_highlighted.png in Resources */ = {isa = PBXBuildFile; fileRef = 7E1C5F7D1C1FD02900172642 /* stop_highlighted.png */; };
		7E1C5F951C1FD02900172642 /* stop_highlighted@2x.png in Resources */ = {isa = PBXBuildFile; fileRef = 7E1C5F7E1C1FD02900172642 /* stop_highlighted@2x.png */; };
		7E1C5F961C1FD02900172642 /* stop_highlighted@3x.png in Resources */ = {isa = PBXBuildFile; fileRef = 7E1C5F7F1C1FD02900172642 /* stop_highlighted@3x.png */; };
		7E1C5FB01C1FD1BF00172642 /* CongratsPhrase.swift in Sources */ = {isa = PBXBuildFile; fileRef = 7E1C5F991C1FD1BF00172642 /* CongratsPhrase.swift */; };
		7E1C5FB11C1FD1BF00172642 /* CongratsSounds.swift in Sources */ = {isa = PBXBuildFile; fileRef = 7E1C5F9A1C1FD1BF00172642 /* CongratsSounds.swift */; };
		7E1C5FB21C1FD1BF00172642 /* Annotation.swift in Sources */ = {isa = PBXBuildFile; fileRef = 7E1C5F9C1C1FD1BF00172642 /* Annotation.swift */; };
		7E1C5FB31C1FD1BF00172642 /* Annotations.swift in Sources */ = {isa = PBXBuildFile; fileRef = 7E1C5F9D1C1FD1BF00172642 /* Annotations.swift */; };
		7E1C5FB41C1FD1BF00172642 /* ButtonOverlap.swift in Sources */ = {isa = PBXBuildFile; fileRef = 7E1C5F9E1C1FD1BF00172642 /* ButtonOverlap.swift */; };
		7E1C5FB51C1FD1BF00172642 /* Countdown.swift in Sources */ = {isa = PBXBuildFile; fileRef = 7E1C5F9F1C1FD1BF00172642 /* Countdown.swift */; };
		7E1C5FB61C1FD1BF00172642 /* CountdownDelegate.swift in Sources */ = {isa = PBXBuildFile; fileRef = 7E1C5FA11C1FD1BF00172642 /* CountdownDelegate.swift */; };
		7E1C5FB71C1FD1BF00172642 /* YiiButtonsDelegate.swift in Sources */ = {isa = PBXBuildFile; fileRef = 7E1C5FA21C1FD1BF00172642 /* YiiButtonsDelegate.swift */; };
		7E1C5FB81C1FD1BF00172642 /* YiiMapDelegate.swift in Sources */ = {isa = PBXBuildFile; fileRef = 7E1C5FA31C1FD1BF00172642 /* YiiMapDelegate.swift */; };
		7E1C5FB91C1FD1BF00172642 /* DropPin.swift in Sources */ = {isa = PBXBuildFile; fileRef = 7E1C5FA41C1FD1BF00172642 /* DropPin.swift */; };
		7E1C5FBA1C1FD1BF00172642 /* RewindButton.swift in Sources */ = {isa = PBXBuildFile; fileRef = 7E1C5FA51C1FD1BF00172642 /* RewindButton.swift */; };
		7E1C5FBB1C1FD1BF00172642 /* ScrollToAnnotation.swift in Sources */ = {isa = PBXBuildFile; fileRef = 7E1C5FA61C1FD1BF00172642 /* ScrollToAnnotation.swift */; };
		7E1C5FBC1C1FD1BF00172642 /* ShowUserLocationOnMap.swift in Sources */ = {isa = PBXBuildFile; fileRef = 7E1C5FA71C1FD1BF00172642 /* ShowUserLocationOnMap.swift */; };
		7E1C5FBD1C1FD1BF00172642 /* YiiButtons.swift in Sources */ = {isa = PBXBuildFile; fileRef = 7E1C5FA81C1FD1BF00172642 /* YiiButtons.swift */; };
		7E1C5FBE1C1FD1BF00172642 /* YiiMap.swift in Sources */ = {isa = PBXBuildFile; fileRef = 7E1C5FA91C1FD1BF00172642 /* YiiMap.swift */; };
		7E1C5FBF1C1FD1BF00172642 /* Quotes.json in Resources */ = {isa = PBXBuildFile; fileRef = 7E1C5FAB1C1FD1BF00172642 /* Quotes.json */; };
		7E1C5FC01C1FD1BF00172642 /* WalkQuote.swift in Sources */ = {isa = PBXBuildFile; fileRef = 7E1C5FAC1C1FD1BF00172642 /* WalkQuote.swift */; };
		7E1C5FC11C1FD1BF00172642 /* WalkQuotePicker.swift in Sources */ = {isa = PBXBuildFile; fileRef = 7E1C5FAD1C1FD1BF00172642 /* WalkQuotePicker.swift */; };
		7E1C5FC21C1FD1BF00172642 /* WalkQuotesLoader.swift in Sources */ = {isa = PBXBuildFile; fileRef = 7E1C5FAE1C1FD1BF00172642 /* WalkQuotesLoader.swift */; };
		7E1C5FC31C1FD1BF00172642 /* YiiQuotes.swift in Sources */ = {isa = PBXBuildFile; fileRef = 7E1C5FAF1C1FD1BF00172642 /* YiiQuotes.swift */; };
		7E1C5FD61C1FD29700172642 /* blop.wav in Resources */ = {isa = PBXBuildFile; fileRef = 7E1C5FC51C1FD29700172642 /* blop.wav */; };
		7E1C5FD71C1FD29700172642 /* click_sound.wav in Resources */ = {isa = PBXBuildFile; fileRef = 7E1C5FC61C1FD29700172642 /* click_sound.wav */; };
		7E1C5FD81C1FD29700172642 /* applause_1.mp3 in Resources */ = {isa = PBXBuildFile; fileRef = 7E1C5FC81C1FD29700172642 /* applause_1.mp3 */; };
		7E1C5FD91C1FD29700172642 /* applause_12.mp3 in Resources */ = {isa = PBXBuildFile; fileRef = 7E1C5FC91C1FD29700172642 /* applause_12.mp3 */; };
		7E1C5FDA1C1FD29700172642 /* applause_15.mp3 in Resources */ = {isa = PBXBuildFile; fileRef = 7E1C5FCA1C1FD29700172642 /* applause_15.mp3 */; };
		7E1C5FDB1C1FD29700172642 /* applause_2.mp3 in Resources */ = {isa = PBXBuildFile; fileRef = 7E1C5FCB1C1FD29700172642 /* applause_2.mp3 */; };
		7E1C5FDC1C1FD29700172642 /* applause_20.mp3 in Resources */ = {isa = PBXBuildFile; fileRef = 7E1C5FCC1C1FD29700172642 /* applause_20.mp3 */; };
		7E1C5FDD1C1FD29700172642 /* applause_3.mp3 in Resources */ = {isa = PBXBuildFile; fileRef = 7E1C5FCD1C1FD29700172642 /* applause_3.mp3 */; };
		7E1C5FDE1C1FD29700172642 /* applause_4.mp3 in Resources */ = {isa = PBXBuildFile; fileRef = 7E1C5FCE1C1FD29700172642 /* applause_4.mp3 */; };
		7E1C5FDF1C1FD29700172642 /* applause_6.mp3 in Resources */ = {isa = PBXBuildFile; fileRef = 7E1C5FCF1C1FD29700172642 /* applause_6.mp3 */; };
		7E1C5FE01C1FD29700172642 /* applause_7.mp3 in Resources */ = {isa = PBXBuildFile; fileRef = 7E1C5FD01C1FD29700172642 /* applause_7.mp3 */; };
		7E1C5FE11C1FD29700172642 /* applause_9.mp3 in Resources */ = {isa = PBXBuildFile; fileRef = 7E1C5FD11C1FD29700172642 /* applause_9.mp3 */; };
		7E1C5FE21C1FD29700172642 /* large_door.mp3 in Resources */ = {isa = PBXBuildFile; fileRef = 7E1C5FD21C1FD29700172642 /* large_door.mp3 */; };
		7E1C5FE31C1FD29700172642 /* notification_morning_fresh.mp3 in Resources */ = {isa = PBXBuildFile; fileRef = 7E1C5FD31C1FD29700172642 /* notification_morning_fresh.mp3 */; };
		7E1C5FE41C1FD29700172642 /* pin_drop.mp3 in Resources */ = {isa = PBXBuildFile; fileRef = 7E1C5FD41C1FD29700172642 /* pin_drop.mp3 */; };
		7E1C5FE51C1FD29700172642 /* snow_ball_throw_short.wav in Resources */ = {isa = PBXBuildFile; fileRef = 7E1C5FD51C1FD29700172642 /* snow_ball_throw_short.wav */; };
		7E1C5FFB1C1FD2DA00172642 /* iiAnimator.swift in Sources */ = {isa = PBXBuildFile; fileRef = 7E1C5FE71C1FD2DA00172642 /* iiAnimator.swift */; };
		7E1C5FFC1C1FD2DA00172642 /* iiAutolayoutConstraints.swift in Sources */ = {isa = PBXBuildFile; fileRef = 7E1C5FE81C1FD2DA00172642 /* iiAutolayoutConstraints.swift */; };
		7E1C5FFD1C1FD2DA00172642 /* iiCLErrorToString.swift in Sources */ = {isa = PBXBuildFile; fileRef = 7E1C5FE91C1FD2DA00172642 /* iiCLErrorToString.swift */; };
		7E1C5FFE1C1FD2DA00172642 /* iiDate.swift in Sources */ = {isa = PBXBuildFile; fileRef = 7E1C5FEA1C1FD2DA00172642 /* iiDate.swift */; };
		7E1C5FFF1C1FD2DA00172642 /* iiGeo.swift in Sources */ = {isa = PBXBuildFile; fileRef = 7E1C5FEB1C1FD2DA00172642 /* iiGeo.swift */; };
		7E1C60001C1FD2DA00172642 /* iiJsonLoader.swift in Sources */ = {isa = PBXBuildFile; fileRef = 7E1C5FEC1C1FD2DA00172642 /* iiJsonLoader.swift */; };
		7E1C60011C1FD2DA00172642 /* iiLayer.swift in Sources */ = {isa = PBXBuildFile; fileRef = 7E1C5FED1C1FD2DA00172642 /* iiLayer.swift */; };
		7E1C60021C1FD2DA00172642 /* iiOsVersion.swift in Sources */ = {isa = PBXBuildFile; fileRef = 7E1C5FEE1C1FD2DA00172642 /* iiOsVersion.swift */; };
		7E1C60031C1FD2DA00172642 /* iiOutputView.swift in Sources */ = {isa = PBXBuildFile; fileRef = 7E1C5FEF1C1FD2DA00172642 /* iiOutputView.swift */; };
		7E1C60041C1FD2DA00172642 /* iiPresentViewController.swift in Sources */ = {isa = PBXBuildFile; fileRef = 7E1C5FF01C1FD2DA00172642 /* iiPresentViewController.swift */; };
		7E1C60051C1FD2DA00172642 /* iiQ.swift in Sources */ = {isa = PBXBuildFile; fileRef = 7E1C5FF11C1FD2DA00172642 /* iiQ.swift */; };
		7E1C60061C1FD2DA00172642 /* iiRandom.swift in Sources */ = {isa = PBXBuildFile; fileRef = 7E1C5FF21C1FD2DA00172642 /* iiRandom.swift */; };
		7E1C60071C1FD2DA00172642 /* iiScreenSize.swift in Sources */ = {isa = PBXBuildFile; fileRef = 7E1C5FF31C1FD2DA00172642 /* iiScreenSize.swift */; };
		7E1C60081C1FD2DA00172642 /* iiSettingsOpener.swift in Sources */ = {isa = PBXBuildFile; fileRef = 7E1C5FF41C1FD2DA00172642 /* iiSettingsOpener.swift */; };
		7E1C60091C1FD2DA00172642 /* iiSoundPlayer.swift in Sources */ = {isa = PBXBuildFile; fileRef = 7E1C5FF51C1FD2DA00172642 /* iiSoundPlayer.swift */; };
		7E1C600A1C1FD2DA00172642 /* iiSounds.swift in Sources */ = {isa = PBXBuildFile; fileRef = 7E1C5FF61C1FD2DA00172642 /* iiSounds.swift */; };
		7E1C600B1C1FD2DA00172642 /* iiTickTock.swift in Sources */ = {isa = PBXBuildFile; fileRef = 7E1C5FF71C1FD2DA00172642 /* iiTickTock.swift */; };
		7E1C600C1C1FD2DA00172642 /* iiUIColor.swift in Sources */ = {isa = PBXBuildFile; fileRef = 7E1C5FF81C1FD2DA00172642 /* iiUIColor.swift */; };
		7E1C600D1C1FD2DA00172642 /* iiViewPosition.swift in Sources */ = {isa = PBXBuildFile; fileRef = 7E1C5FF91C1FD2DA00172642 /* iiViewPosition.swift */; };
		7E1C600E1C1FD2DA00172642 /* SpringAnimation.swift in Sources */ = {isa = PBXBuildFile; fileRef = 7E1C5FFA1C1FD2DA00172642 /* SpringAnimation.swift */; };
		7E1C60161C1FD31000172642 /* CongratsViewController.swift in Sources */ = {isa = PBXBuildFile; fileRef = 7E1C60101C1FD31000172642 /* CongratsViewController.swift */; };
		7E1C60171C1FD31000172642 /* InitialViewController.swift in Sources */ = {isa = PBXBuildFile; fileRef = 7E1C60111C1FD31000172642 /* InitialViewController.swift */; };
		7E1C60181C1FD31000172642 /* LocationDeniedViewController.swift in Sources */ = {isa = PBXBuildFile; fileRef = 7E1C60121C1FD31000172642 /* LocationDeniedViewController.swift */; };
		7E1C60191C1FD31000172642 /* MapViewController.swift in Sources */ = {isa = PBXBuildFile; fileRef = 7E1C60131C1FD31000172642 /* MapViewController.swift */; };
		7E1C601A1C1FD31000172642 /* RegionMonitoringUnavailable.swift in Sources */ = {isa = PBXBuildFile; fileRef = 7E1C60141C1FD31000172642 /* RegionMonitoringUnavailable.swift */; };
		7E1C601B1C1FD31000172642 /* WalkViewController.swift in Sources */ = {isa = PBXBuildFile; fileRef = 7E1C60151C1FD31000172642 /* WalkViewController.swift */; };
		7E6210701BE49C50006C30B9 /* TestLocationHelper.swift in Sources */ = {isa = PBXBuildFile; fileRef = 7E62106E1BE49C16006C30B9 /* TestLocationHelper.swift */; };
/* End PBXBuildFile section */

/* Begin PBXContainerItemProxy section */
		2B6D35CC197A56C3008DDAE4 /* PBXContainerItemProxy */ = {
			isa = PBXContainerItemProxy;
			containerPortal = 2BCCDB841968DC63005C4A47 /* Project object */;
			proxyType = 1;
			remoteGlobalIDString = 2BCCDB8B1968DC63005C4A47;
			remoteInfo = "walk to circle";
		};
		2B6D35CE197A56C3008DDAE4 /* PBXContainerItemProxy */ = {
			isa = PBXContainerItemProxy;
			containerPortal = 2BCCDB841968DC63005C4A47 /* Project object */;
			proxyType = 1;
			remoteGlobalIDString = 2BCCDB8B1968DC63005C4A47;
			remoteInfo = "walk to circle";
		};
		2B6D35D4197A58D8008DDAE4 /* PBXContainerItemProxy */ = {
			isa = PBXContainerItemProxy;
			containerPortal = 2BCCDB841968DC63005C4A47 /* Project object */;
			proxyType = 1;
			remoteGlobalIDString = 2BCCDB8B1968DC63005C4A47;
			remoteInfo = "walk to circle";
		};
		2B6D35D6197A5943008DDAE4 /* PBXContainerItemProxy */ = {
			isa = PBXContainerItemProxy;
			containerPortal = 2BCCDB841968DC63005C4A47 /* Project object */;
			proxyType = 1;
			remoteGlobalIDString = 2BCCDB8B1968DC63005C4A47;
			remoteInfo = "walk to circle";
		};
		2B6D35D8197A594A008DDAE4 /* PBXContainerItemProxy */ = {
			isa = PBXContainerItemProxy;
			containerPortal = 2BCCDB841968DC63005C4A47 /* Project object */;
			proxyType = 1;
			remoteGlobalIDString = 2BCCDB8B1968DC63005C4A47;
			remoteInfo = "walk to circle";
		};
		2BCCDB9F1968DC63005C4A47 /* PBXContainerItemProxy */ = {
			isa = PBXContainerItemProxy;
			containerPortal = 2BCCDB841968DC63005C4A47 /* Project object */;
			proxyType = 1;
			remoteGlobalIDString = 2BCCDB8B1968DC63005C4A47;
			remoteInfo = "walk to circle";
		};
/* End PBXContainerItemProxy section */

/* Begin PBXCopyFilesBuildPhase section */
		7EECBB521BA38CD3003231E6 /* Embed Watch Content */ = {
			isa = PBXCopyFilesBuildPhase;
			buildActionMask = 2147483647;
			dstPath = "$(CONTENTS_FOLDER_PATH)/Watch";
			dstSubfolderSpec = 16;
			files = (
			);
			name = "Embed Watch Content";
			runOnlyForDeploymentPostprocessing = 0;
		};
/* End PBXCopyFilesBuildPhase section */

/* Begin PBXFileReference section */
		2B1276451A47ECCD00F6ED44 /* iiUIColorTests.swift */ = {isa = PBXFileReference; fileEncoding = 4; lastKnownFileType = sourcecode.swift; path = iiUIColorTests.swift; sourceTree = "<group>"; };
		2B23E82D1A5264670062A01F /* CongratsPhraseTests.swift */ = {isa = PBXFileReference; fileEncoding = 4; lastKnownFileType = sourcecode.swift; path = CongratsPhraseTests.swift; sourceTree = "<group>"; };
		2B53389F1A52848D0082DC93 /* WalkCirlesReachedTodayTests.swift */ = {isa = PBXFileReference; fileEncoding = 4; lastKnownFileType = sourcecode.swift; path = WalkCirlesReachedTodayTests.swift; sourceTree = "<group>"; };
		2B5338A71A52897E0082DC93 /* iiDateTests.swift */ = {isa = PBXFileReference; fileEncoding = 4; lastKnownFileType = sourcecode.swift; path = iiDateTests.swift; sourceTree = "<group>"; };
		2B5A5D6F19BC02E700E07F37 /* README.md */ = {isa = PBXFileReference; fileEncoding = 4; lastKnownFileType = net.daringfireball.markdown; path = README.md; sourceTree = "<group>"; };
		2B5E726B199F3F4C00779AC2 /* QuartzCore.framework */ = {isa = PBXFileReference; lastKnownFileType = wrapper.framework; name = QuartzCore.framework; path = System/Library/Frameworks/QuartzCore.framework; sourceTree = SDKROOT; };
		2B6D35D0197A5782008DDAE4 /* iiGeoTests.swift */ = {isa = PBXFileReference; fileEncoding = 4; lastKnownFileType = sourcecode.swift; path = iiGeoTests.swift; sourceTree = "<group>"; };
		2B770A5F19E8D7E100C28177 /* Launch Screen.xib */ = {isa = PBXFileReference; fileEncoding = 4; lastKnownFileType = file.xib; path = "Launch Screen.xib"; sourceTree = "<group>"; };
		2B7C38DF1A4ABAE700C3FDA7 /* WalkQuotesLoaderTests.swift */ = {isa = PBXFileReference; fileEncoding = 4; lastKnownFileType = sourcecode.swift; path = WalkQuotesLoaderTests.swift; sourceTree = "<group>"; };
		2B7C38E81A4AC9DE00C3FDA7 /* YiiQuotes.swift */ = {isa = PBXFileReference; fileEncoding = 4; lastKnownFileType = sourcecode.swift; path = YiiQuotes.swift; sourceTree = "<group>"; };
		2B9BA3B819970EA3009C0DE0 /* ButtonOverlapTests.swift */ = {isa = PBXFileReference; fileEncoding = 4; lastKnownFileType = sourcecode.swift; path = ButtonOverlapTests.swift; sourceTree = "<group>"; };
		2B9BA3E519974555009C0DE0 /* scrollToAnnotationTests.swift */ = {isa = PBXFileReference; fileEncoding = 4; lastKnownFileType = sourcecode.swift; path = scrollToAnnotationTests.swift; sourceTree = "<group>"; };
		2BCCDB8C1968DC63005C4A47 /* WalkToCircle.app */ = {isa = PBXFileReference; explicitFileType = wrapper.application; includeInIndex = 0; path = WalkToCircle.app; sourceTree = BUILT_PRODUCTS_DIR; };
		2BCCDB901968DC63005C4A47 /* Info.plist */ = {isa = PBXFileReference; lastKnownFileType = text.plist.xml; path = Info.plist; sourceTree = "<group>"; };
		2BCCDB911968DC63005C4A47 /* AppDelegate.swift */ = {isa = PBXFileReference; lastKnownFileType = sourcecode.swift; path = AppDelegate.swift; sourceTree = "<group>"; };
		2BCCDB961968DC63005C4A47 /* Base */ = {isa = PBXFileReference; lastKnownFileType = file.storyboard; name = Base; path = Base.lproj/Main.storyboard; sourceTree = "<group>"; };
		2BCCDB981968DC63005C4A47 /* Images.xcassets */ = {isa = PBXFileReference; lastKnownFileType = folder.assetcatalog; path = Images.xcassets; sourceTree = "<group>"; };
		2BCCDB9E1968DC63005C4A47 /* WalkToCircleTests.xctest */ = {isa = PBXFileReference; explicitFileType = wrapper.cfbundle; includeInIndex = 0; path = WalkToCircleTests.xctest; sourceTree = BUILT_PRODUCTS_DIR; };
		2BCCDBA31968DC63005C4A47 /* Info.plist */ = {isa = PBXFileReference; lastKnownFileType = text.plist.xml; path = Info.plist; sourceTree = "<group>"; };
		2BCCDBAE1968DD6B005C4A47 /* MapKit.framework */ = {isa = PBXFileReference; lastKnownFileType = wrapper.framework; name = MapKit.framework; path = System/Library/Frameworks/MapKit.framework; sourceTree = SDKROOT; };
		2BCF7B6B1A5136B80007B062 /* WalkCoordinateTests.swift */ = {isa = PBXFileReference; fileEncoding = 4; lastKnownFileType = sourcecode.swift; path = WalkCoordinateTests.swift; sourceTree = "<group>"; };
		2BE4D7191A54B2F4006B600D /* CongratsSoundsTests.swift */ = {isa = PBXFileReference; fileEncoding = 4; lastKnownFileType = sourcecode.swift; path = CongratsSoundsTests.swift; sourceTree = "<group>"; };
		2BE4D7451A54D9EC006B600D /* WalkQuotePickerTests.swift */ = {isa = PBXFileReference; fileEncoding = 4; lastKnownFileType = sourcecode.swift; path = WalkQuotePickerTests.swift; sourceTree = "<group>"; };
		7E1C5F311C1FCA0B00172642 /* main.swift */ = {isa = PBXFileReference; fileEncoding = 4; lastKnownFileType = sourcecode.swift; path = main.swift; sourceTree = "<group>"; };
		7E1C5F331C1FCA2600172642 /* AppDelegateFactory.swift */ = {isa = PBXFileReference; fileEncoding = 4; lastKnownFileType = sourcecode.swift; path = AppDelegateFactory.swift; sourceTree = "<group>"; };
		7E1C5F351C1FCA5700172642 /* UnitTestAppDelegate.swift */ = {isa = PBXFileReference; fileEncoding = 4; lastKnownFileType = sourcecode.swift; path = UnitTestAppDelegate.swift; sourceTree = "<group>"; };
		7E1C5F3A1C1FCE3F00172642 /* CutePossumParser.swift */ = {isa = PBXFileReference; fileEncoding = 4; lastKnownFileType = sourcecode.swift; path = CutePossumParser.swift; sourceTree = "<group>"; };
		7E1C5F3B1C1FCE3F00172642 /* README_cute_possum_parser.md */ = {isa = PBXFileReference; fileEncoding = 4; lastKnownFileType = net.daringfireball.markdown; path = README_cute_possum_parser.md; sourceTree = "<group>"; };
		7E1C5F3D1C1FCE3F00172642 /* README_scrolled_content.md */ = {isa = PBXFileReference; fileEncoding = 4; lastKnownFileType = net.daringfireball.markdown; path = README_scrolled_content.md; sourceTree = "<group>"; };
		7E1C5F3E1C1FCE3F00172642 /* TegScrolledContent.swift */ = {isa = PBXFileReference; fileEncoding = 4; lastKnownFileType = sourcecode.swift; path = TegScrolledContent.swift; sourceTree = "<group>"; };
		7E1C5F401C1FCE3F00172642 /* iiFaderForAvAudioPlayer.swift */ = {isa = PBXFileReference; fileEncoding = 4; lastKnownFileType = sourcecode.swift; path = iiFaderForAvAudioPlayer.swift; sourceTree = "<group>"; };
		7E1C5F411C1FCE3F00172642 /* README_sound_fader_ios.md */ = {isa = PBXFileReference; fileEncoding = 4; lastKnownFileType = net.daringfireball.markdown; path = README_sound_fader_ios.md; sourceTree = "<group>"; };
		7E1C5F4A1C1FCF4C00172642 /* WalkCircleMonitor.swift */ = {isa = PBXFileReference; fileEncoding = 4; lastKnownFileType = sourcecode.swift; path = WalkCircleMonitor.swift; sourceTree = "<group>"; };
		7E1C5F4B1C1FCF4C00172642 /* WalkCirlesReachedToday.swift */ = {isa = PBXFileReference; fileEncoding = 4; lastKnownFileType = sourcecode.swift; path = WalkCirlesReachedToday.swift; sourceTree = "<group>"; };
		7E1C5F4C1C1FCF4C00172642 /* WalkColors.swift */ = {isa = PBXFileReference; fileEncoding = 4; lastKnownFileType = sourcecode.swift; path = WalkColors.swift; sourceTree = "<group>"; };
		7E1C5F4D1C1FCF4C00172642 /* WalkConstants.swift */ = {isa = PBXFileReference; fileEncoding = 4; lastKnownFileType = sourcecode.swift; path = WalkConstants.swift; sourceTree = "<group>"; };
		7E1C5F4E1C1FCF4C00172642 /* WalkCoordinate.swift */ = {isa = PBXFileReference; fileEncoding = 4; lastKnownFileType = sourcecode.swift; path = WalkCoordinate.swift; sourceTree = "<group>"; };
		7E1C5F4F1C1FCF4C00172642 /* WalkCoordinateUserDefaultsSerializer.swift */ = {isa = PBXFileReference; fileEncoding = 4; lastKnownFileType = sourcecode.swift; path = WalkCoordinateUserDefaultsSerializer.swift; sourceTree = "<group>"; };
		7E1C5F501C1FCF4C00172642 /* WalkLocation.swift */ = {isa = PBXFileReference; fileEncoding = 4; lastKnownFileType = sourcecode.swift; path = WalkLocation.swift; sourceTree = "<group>"; };
		7E1C5F511C1FCF4C00172642 /* WalkNotification.swift */ = {isa = PBXFileReference; fileEncoding = 4; lastKnownFileType = sourcecode.swift; path = WalkNotification.swift; sourceTree = "<group>"; };
		7E1C5F521C1FCF4C00172642 /* WalkSoundType.swift */ = {isa = PBXFileReference; fileEncoding = 4; lastKnownFileType = sourcecode.swift; path = WalkSoundType.swift; sourceTree = "<group>"; };
		7E1C5F531C1FCF4C00172642 /* WalkTutorial.swift */ = {isa = PBXFileReference; fileEncoding = 4; lastKnownFileType = sourcecode.swift; path = WalkTutorial.swift; sourceTree = "<group>"; };
		7E1C5F541C1FCF4C00172642 /* WalkUserDefaults.swift */ = {isa = PBXFileReference; fileEncoding = 4; lastKnownFileType = sourcecode.swift; path = WalkUserDefaults.swift; sourceTree = "<group>"; };
		7E1C5F551C1FCF4C00172642 /* WalkViewControllers.swift */ = {isa = PBXFileReference; fileEncoding = 4; lastKnownFileType = sourcecode.swift; path = WalkViewControllers.swift; sourceTree = "<group>"; };
		7E1C5F641C1FD02900172642 /* branch_background.jpg */ = {isa = PBXFileReference; lastKnownFileType = image.jpeg; path = branch_background.jpg; sourceTree = "<group>"; };
		7E1C5F651C1FD02900172642 /* launch_screen_background_1024x1024.png */ = {isa = PBXFileReference; lastKnownFileType = image.png; path = launch_screen_background_1024x1024.png; sourceTree = "<group>"; };
		7E1C5F671C1FD02900172642 /* continue.png */ = {isa = PBXFileReference; lastKnownFileType = image.png; path = continue.png; sourceTree = "<group>"; };
		7E1C5F681C1FD02900172642 /* continue@2x.png */ = {isa = PBXFileReference; lastKnownFileType = image.png; path = "continue@2x.png"; sourceTree = "<group>"; };
		7E1C5F691C1FD02900172642 /* continue@3x.png */ = {isa = PBXFileReference; lastKnownFileType = image.png; path = "continue@3x.png"; sourceTree = "<group>"; };
		7E1C5F6A1C1FD02900172642 /* continue_highlighted.png */ = {isa = PBXFileReference; lastKnownFileType = image.png; path = continue_highlighted.png; sourceTree = "<group>"; };
		7E1C5F6B1C1FD02900172642 /* continue_highlighted@2x.png */ = {isa = PBXFileReference; lastKnownFileType = image.png; path = "continue_highlighted@2x.png"; sourceTree = "<group>"; };
		7E1C5F6C1C1FD02900172642 /* continue_highlighted@3x.png */ = {isa = PBXFileReference; lastKnownFileType = image.png; path = "continue_highlighted@3x.png"; sourceTree = "<group>"; };
		7E1C5F6E1C1FD02900172642 /* play.png */ = {isa = PBXFileReference; lastKnownFileType = image.png; path = play.png; sourceTree = "<group>"; };
		7E1C5F6F1C1FD02900172642 /* play@2x.png */ = {isa = PBXFileReference; lastKnownFileType = image.png; path = "play@2x.png"; sourceTree = "<group>"; };
		7E1C5F701C1FD02900172642 /* play@3x.png */ = {isa = PBXFileReference; lastKnownFileType = image.png; path = "play@3x.png"; sourceTree = "<group>"; };
		7E1C5F721C1FD02900172642 /* rewind.png */ = {isa = PBXFileReference; lastKnownFileType = image.png; path = rewind.png; sourceTree = "<group>"; };
		7E1C5F731C1FD02900172642 /* rewind@2x.png */ = {isa = PBXFileReference; lastKnownFileType = image.png; path = "rewind@2x.png"; sourceTree = "<group>"; };
		7E1C5F741C1FD02900172642 /* rewind@3x.png */ = {isa = PBXFileReference; lastKnownFileType = image.png; path = "rewind@3x.png"; sourceTree = "<group>"; };
		7E1C5F761C1FD02900172642 /* rewind_arrows.png */ = {isa = PBXFileReference; lastKnownFileType = image.png; path = rewind_arrows.png; sourceTree = "<group>"; };
		7E1C5F771C1FD02900172642 /* rewind_arrows@2x.png */ = {isa = PBXFileReference; lastKnownFileType = image.png; path = "rewind_arrows@2x.png"; sourceTree = "<group>"; };
		7E1C5F781C1FD02900172642 /* rewind_arrows@3x.png */ = {isa = PBXFileReference; lastKnownFileType = image.png; path = "rewind_arrows@3x.png"; sourceTree = "<group>"; };
		7E1C5F7A1C1FD02900172642 /* stop.png */ = {isa = PBXFileReference; lastKnownFileType = image.png; path = stop.png; sourceTree = "<group>"; };
		7E1C5F7B1C1FD02900172642 /* stop@2x.png */ = {isa = PBXFileReference; lastKnownFileType = image.png; path = "stop@2x.png"; sourceTree = "<group>"; };
		7E1C5F7C1C1FD02900172642 /* stop@3x.png */ = {isa = PBXFileReference; lastKnownFileType = image.png; path = "stop@3x.png"; sourceTree = "<group>"; };
		7E1C5F7D1C1FD02900172642 /* stop_highlighted.png */ = {isa = PBXFileReference; lastKnownFileType = image.png; path = stop_highlighted.png; sourceTree = "<group>"; };
		7E1C5F7E1C1FD02900172642 /* stop_highlighted@2x.png */ = {isa = PBXFileReference; lastKnownFileType = image.png; path = "stop_highlighted@2x.png"; sourceTree = "<group>"; };
		7E1C5F7F1C1FD02900172642 /* stop_highlighted@3x.png */ = {isa = PBXFileReference; lastKnownFileType = image.png; path = "stop_highlighted@3x.png"; sourceTree = "<group>"; };
		7E1C5F991C1FD1BF00172642 /* CongratsPhrase.swift */ = {isa = PBXFileReference; fileEncoding = 4; lastKnownFileType = sourcecode.swift; path = CongratsPhrase.swift; sourceTree = "<group>"; };
		7E1C5F9A1C1FD1BF00172642 /* CongratsSounds.swift */ = {isa = PBXFileReference; fileEncoding = 4; lastKnownFileType = sourcecode.swift; path = CongratsSounds.swift; sourceTree = "<group>"; };
		7E1C5F9C1C1FD1BF00172642 /* Annotation.swift */ = {isa = PBXFileReference; fileEncoding = 4; lastKnownFileType = sourcecode.swift; path = Annotation.swift; sourceTree = "<group>"; };
		7E1C5F9D1C1FD1BF00172642 /* Annotations.swift */ = {isa = PBXFileReference; fileEncoding = 4; lastKnownFileType = sourcecode.swift; path = Annotations.swift; sourceTree = "<group>"; };
		7E1C5F9E1C1FD1BF00172642 /* ButtonOverlap.swift */ = {isa = PBXFileReference; fileEncoding = 4; lastKnownFileType = sourcecode.swift; path = ButtonOverlap.swift; sourceTree = "<group>"; };
		7E1C5F9F1C1FD1BF00172642 /* Countdown.swift */ = {isa = PBXFileReference; fileEncoding = 4; lastKnownFileType = sourcecode.swift; path = Countdown.swift; sourceTree = "<group>"; };
		7E1C5FA11C1FD1BF00172642 /* CountdownDelegate.swift */ = {isa = PBXFileReference; fileEncoding = 4; lastKnownFileType = sourcecode.swift; path = CountdownDelegate.swift; sourceTree = "<group>"; };
		7E1C5FA21C1FD1BF00172642 /* YiiButtonsDelegate.swift */ = {isa = PBXFileReference; fileEncoding = 4; lastKnownFileType = sourcecode.swift; path = YiiButtonsDelegate.swift; sourceTree = "<group>"; };
		7E1C5FA31C1FD1BF00172642 /* YiiMapDelegate.swift */ = {isa = PBXFileReference; fileEncoding = 4; lastKnownFileType = sourcecode.swift; path = YiiMapDelegate.swift; sourceTree = "<group>"; };
		7E1C5FA41C1FD1BF00172642 /* DropPin.swift */ = {isa = PBXFileReference; fileEncoding = 4; lastKnownFileType = sourcecode.swift; path = DropPin.swift; sourceTree = "<group>"; };
		7E1C5FA51C1FD1BF00172642 /* RewindButton.swift */ = {isa = PBXFileReference; fileEncoding = 4; lastKnownFileType = sourcecode.swift; path = RewindButton.swift; sourceTree = "<group>"; };
		7E1C5FA61C1FD1BF00172642 /* ScrollToAnnotation.swift */ = {isa = PBXFileReference; fileEncoding = 4; lastKnownFileType = sourcecode.swift; path = ScrollToAnnotation.swift; sourceTree = "<group>"; };
		7E1C5FA71C1FD1BF00172642 /* ShowUserLocationOnMap.swift */ = {isa = PBXFileReference; fileEncoding = 4; lastKnownFileType = sourcecode.swift; path = ShowUserLocationOnMap.swift; sourceTree = "<group>"; };
		7E1C5FA81C1FD1BF00172642 /* YiiButtons.swift */ = {isa = PBXFileReference; fileEncoding = 4; lastKnownFileType = sourcecode.swift; path = YiiButtons.swift; sourceTree = "<group>"; };
		7E1C5FA91C1FD1BF00172642 /* YiiMap.swift */ = {isa = PBXFileReference; fileEncoding = 4; lastKnownFileType = sourcecode.swift; path = YiiMap.swift; sourceTree = "<group>"; };
		7E1C5FAB1C1FD1BF00172642 /* Quotes.json */ = {isa = PBXFileReference; fileEncoding = 4; lastKnownFileType = text.json; path = Quotes.json; sourceTree = "<group>"; };
		7E1C5FAC1C1FD1BF00172642 /* WalkQuote.swift */ = {isa = PBXFileReference; fileEncoding = 4; lastKnownFileType = sourcecode.swift; path = WalkQuote.swift; sourceTree = "<group>"; };
		7E1C5FAD1C1FD1BF00172642 /* WalkQuotePicker.swift */ = {isa = PBXFileReference; fileEncoding = 4; lastKnownFileType = sourcecode.swift; path = WalkQuotePicker.swift; sourceTree = "<group>"; };
		7E1C5FAE1C1FD1BF00172642 /* WalkQuotesLoader.swift */ = {isa = PBXFileReference; fileEncoding = 4; lastKnownFileType = sourcecode.swift; path = WalkQuotesLoader.swift; sourceTree = "<group>"; };
		7E1C5FAF1C1FD1BF00172642 /* YiiQuotes.swift */ = {isa = PBXFileReference; fileEncoding = 4; lastKnownFileType = sourcecode.swift; path = YiiQuotes.swift; sourceTree = "<group>"; };
		7E1C5FC51C1FD29700172642 /* blop.wav */ = {isa = PBXFileReference; lastKnownFileType = audio.wav; path = blop.wav; sourceTree = "<group>"; };
		7E1C5FC61C1FD29700172642 /* click_sound.wav */ = {isa = PBXFileReference; lastKnownFileType = audio.wav; path = click_sound.wav; sourceTree = "<group>"; };
		7E1C5FC81C1FD29700172642 /* applause_1.mp3 */ = {isa = PBXFileReference; lastKnownFileType = audio.mp3; path = applause_1.mp3; sourceTree = "<group>"; };
		7E1C5FC91C1FD29700172642 /* applause_12.mp3 */ = {isa = PBXFileReference; lastKnownFileType = audio.mp3; path = applause_12.mp3; sourceTree = "<group>"; };
		7E1C5FCA1C1FD29700172642 /* applause_15.mp3 */ = {isa = PBXFileReference; lastKnownFileType = audio.mp3; path = applause_15.mp3; sourceTree = "<group>"; };
		7E1C5FCB1C1FD29700172642 /* applause_2.mp3 */ = {isa = PBXFileReference; lastKnownFileType = audio.mp3; path = applause_2.mp3; sourceTree = "<group>"; };
		7E1C5FCC1C1FD29700172642 /* applause_20.mp3 */ = {isa = PBXFileReference; lastKnownFileType = audio.mp3; path = applause_20.mp3; sourceTree = "<group>"; };
		7E1C5FCD1C1FD29700172642 /* applause_3.mp3 */ = {isa = PBXFileReference; lastKnownFileType = audio.mp3; path = applause_3.mp3; sourceTree = "<group>"; };
		7E1C5FCE1C1FD29700172642 /* applause_4.mp3 */ = {isa = PBXFileReference; lastKnownFileType = audio.mp3; path = applause_4.mp3; sourceTree = "<group>"; };
		7E1C5FCF1C1FD29700172642 /* applause_6.mp3 */ = {isa = PBXFileReference; lastKnownFileType = audio.mp3; path = applause_6.mp3; sourceTree = "<group>"; };
		7E1C5FD01C1FD29700172642 /* applause_7.mp3 */ = {isa = PBXFileReference; lastKnownFileType = audio.mp3; path = applause_7.mp3; sourceTree = "<group>"; };
		7E1C5FD11C1FD29700172642 /* applause_9.mp3 */ = {isa = PBXFileReference; lastKnownFileType = audio.mp3; path = applause_9.mp3; sourceTree = "<group>"; };
		7E1C5FD21C1FD29700172642 /* large_door.mp3 */ = {isa = PBXFileReference; lastKnownFileType = audio.mp3; path = large_door.mp3; sourceTree = "<group>"; };
		7E1C5FD31C1FD29700172642 /* notification_morning_fresh.mp3 */ = {isa = PBXFileReference; lastKnownFileType = audio.mp3; path = notification_morning_fresh.mp3; sourceTree = "<group>"; };
		7E1C5FD41C1FD29700172642 /* pin_drop.mp3 */ = {isa = PBXFileReference; lastKnownFileType = audio.mp3; path = pin_drop.mp3; sourceTree = "<group>"; };
		7E1C5FD51C1FD29700172642 /* snow_ball_throw_short.wav */ = {isa = PBXFileReference; lastKnownFileType = audio.wav; path = snow_ball_throw_short.wav; sourceTree = "<group>"; };
		7E1C5FE71C1FD2DA00172642 /* iiAnimator.swift */ = {isa = PBXFileReference; fileEncoding = 4; lastKnownFileType = sourcecode.swift; path = iiAnimator.swift; sourceTree = "<group>"; };
		7E1C5FE81C1FD2DA00172642 /* iiAutolayoutConstraints.swift */ = {isa = PBXFileReference; fileEncoding = 4; lastKnownFileType = sourcecode.swift; path = iiAutolayoutConstraints.swift; sourceTree = "<group>"; };
		7E1C5FE91C1FD2DA00172642 /* iiCLErrorToString.swift */ = {isa = PBXFileReference; fileEncoding = 4; lastKnownFileType = sourcecode.swift; path = iiCLErrorToString.swift; sourceTree = "<group>"; };
		7E1C5FEA1C1FD2DA00172642 /* iiDate.swift */ = {isa = PBXFileReference; fileEncoding = 4; lastKnownFileType = sourcecode.swift; path = iiDate.swift; sourceTree = "<group>"; };
		7E1C5FEB1C1FD2DA00172642 /* iiGeo.swift */ = {isa = PBXFileReference; fileEncoding = 4; lastKnownFileType = sourcecode.swift; path = iiGeo.swift; sourceTree = "<group>"; };
		7E1C5FEC1C1FD2DA00172642 /* iiJsonLoader.swift */ = {isa = PBXFileReference; fileEncoding = 4; lastKnownFileType = sourcecode.swift; path = iiJsonLoader.swift; sourceTree = "<group>"; };
		7E1C5FED1C1FD2DA00172642 /* iiLayer.swift */ = {isa = PBXFileReference; fileEncoding = 4; lastKnownFileType = sourcecode.swift; path = iiLayer.swift; sourceTree = "<group>"; };
		7E1C5FEE1C1FD2DA00172642 /* iiOsVersion.swift */ = {isa = PBXFileReference; fileEncoding = 4; lastKnownFileType = sourcecode.swift; path = iiOsVersion.swift; sourceTree = "<group>"; };
		7E1C5FEF1C1FD2DA00172642 /* iiOutputView.swift */ = {isa = PBXFileReference; fileEncoding = 4; lastKnownFileType = sourcecode.swift; path = iiOutputView.swift; sourceTree = "<group>"; };
		7E1C5FF01C1FD2DA00172642 /* iiPresentViewController.swift */ = {isa = PBXFileReference; fileEncoding = 4; lastKnownFileType = sourcecode.swift; path = iiPresentViewController.swift; sourceTree = "<group>"; };
		7E1C5FF11C1FD2DA00172642 /* iiQ.swift */ = {isa = PBXFileReference; fileEncoding = 4; lastKnownFileType = sourcecode.swift; path = iiQ.swift; sourceTree = "<group>"; };
		7E1C5FF21C1FD2DA00172642 /* iiRandom.swift */ = {isa = PBXFileReference; fileEncoding = 4; lastKnownFileType = sourcecode.swift; path = iiRandom.swift; sourceTree = "<group>"; };
		7E1C5FF31C1FD2DA00172642 /* iiScreenSize.swift */ = {isa = PBXFileReference; fileEncoding = 4; lastKnownFileType = sourcecode.swift; path = iiScreenSize.swift; sourceTree = "<group>"; };
		7E1C5FF41C1FD2DA00172642 /* iiSettingsOpener.swift */ = {isa = PBXFileReference; fileEncoding = 4; lastKnownFileType = sourcecode.swift; path = iiSettingsOpener.swift; sourceTree = "<group>"; };
		7E1C5FF51C1FD2DA00172642 /* iiSoundPlayer.swift */ = {isa = PBXFileReference; fileEncoding = 4; lastKnownFileType = sourcecode.swift; path = iiSoundPlayer.swift; sourceTree = "<group>"; };
		7E1C5FF61C1FD2DA00172642 /* iiSounds.swift */ = {isa = PBXFileReference; fileEncoding = 4; lastKnownFileType = sourcecode.swift; path = iiSounds.swift; sourceTree = "<group>"; };
		7E1C5FF71C1FD2DA00172642 /* iiTickTock.swift */ = {isa = PBXFileReference; fileEncoding = 4; lastKnownFileType = sourcecode.swift; path = iiTickTock.swift; sourceTree = "<group>"; };
		7E1C5FF81C1FD2DA00172642 /* iiUIColor.swift */ = {isa = PBXFileReference; fileEncoding = 4; lastKnownFileType = sourcecode.swift; path = iiUIColor.swift; sourceTree = "<group>"; };
		7E1C5FF91C1FD2DA00172642 /* iiViewPosition.swift */ = {isa = PBXFileReference; fileEncoding = 4; lastKnownFileType = sourcecode.swift; path = iiViewPosition.swift; sourceTree = "<group>"; };
		7E1C5FFA1C1FD2DA00172642 /* SpringAnimation.swift */ = {isa = PBXFileReference; fileEncoding = 4; lastKnownFileType = sourcecode.swift; path = SpringAnimation.swift; sourceTree = "<group>"; };
		7E1C60101C1FD31000172642 /* CongratsViewController.swift */ = {isa = PBXFileReference; fileEncoding = 4; lastKnownFileType = sourcecode.swift; path = CongratsViewController.swift; sourceTree = "<group>"; };
		7E1C60111C1FD31000172642 /* InitialViewController.swift */ = {isa = PBXFileReference; fileEncoding = 4; lastKnownFileType = sourcecode.swift; path = InitialViewController.swift; sourceTree = "<group>"; };
		7E1C60121C1FD31000172642 /* LocationDeniedViewController.swift */ = {isa = PBXFileReference; fileEncoding = 4; lastKnownFileType = sourcecode.swift; path = LocationDeniedViewController.swift; sourceTree = "<group>"; };
		7E1C60131C1FD31000172642 /* MapViewController.swift */ = {isa = PBXFileReference; fileEncoding = 4; lastKnownFileType = sourcecode.swift; path = MapViewController.swift; sourceTree = "<group>"; };
		7E1C60141C1FD31000172642 /* RegionMonitoringUnavailable.swift */ = {isa = PBXFileReference; fileEncoding = 4; lastKnownFileType = sourcecode.swift; path = RegionMonitoringUnavailable.swift; sourceTree = "<group>"; };
		7E1C60151C1FD31000172642 /* WalkViewController.swift */ = {isa = PBXFileReference; fileEncoding = 4; lastKnownFileType = sourcecode.swift; path = WalkViewController.swift; sourceTree = "<group>"; };
		7E62106E1BE49C16006C30B9 /* TestLocationHelper.swift */ = {isa = PBXFileReference; fileEncoding = 4; lastKnownFileType = sourcecode.swift; path = TestLocationHelper.swift; sourceTree = "<group>"; };
/* End PBXFileReference section */

/* Begin PBXFrameworksBuildPhase section */
		2BCCDB891968DC63005C4A47 /* Frameworks */ = {
			isa = PBXFrameworksBuildPhase;
			buildActionMask = 2147483647;
			files = (
				2BCCDBAF1968DD6B005C4A47 /* MapKit.framework in Frameworks */,
			);
			runOnlyForDeploymentPostprocessing = 0;
		};
		2BCCDB9B1968DC63005C4A47 /* Frameworks */ = {
			isa = PBXFrameworksBuildPhase;
			buildActionMask = 2147483647;
			files = (
			);
			runOnlyForDeploymentPostprocessing = 0;
		};
/* End PBXFrameworksBuildPhase section */

/* Begin PBXGroup section */
		2B1276441A47ECC000F6ED44 /* Utils */ = {
			isa = PBXGroup;
			children = (
				2B5338A71A52897E0082DC93 /* iiDateTests.swift */,
				2B1276451A47ECCD00F6ED44 /* iiUIColorTests.swift */,
			);
			name = Utils;
			sourceTree = "<group>";
		};
		2B23E82C1A5264410062A01F /* Congrats */ = {
			isa = PBXGroup;
			children = (
				2B23E82D1A5264670062A01F /* CongratsPhraseTests.swift */,
				2BE4D7191A54B2F4006B600D /* CongratsSoundsTests.swift */,
			);
			name = Congrats;
			sourceTree = "<group>";
		};
		2B7C38DD1A4ABAC700C3FDA7 /* Screens */ = {
			isa = PBXGroup;
			children = (
				2B23E82C1A5264410062A01F /* Congrats */,
				2B7C38DE1A4ABAD300C3FDA7 /* Walk */,
			);
			name = Screens;
			sourceTree = "<group>";
		};
		2B7C38DE1A4ABAD300C3FDA7 /* Walk */ = {
			isa = PBXGroup;
			children = (
				2B7C38DF1A4ABAE700C3FDA7 /* WalkQuotesLoaderTests.swift */,
				2BE4D7451A54D9EC006B600D /* WalkQuotePickerTests.swift */,
				2B7C38E81A4AC9DE00C3FDA7 /* YiiQuotes.swift */,
			);
			name = Walk;
			sourceTree = "<group>";
		};
		2BCCDB831968DC63005C4A47 = {
			isa = PBXGroup;
			children = (
				2B5A5D6F19BC02E700E07F37 /* README.md */,
				2B5E726B199F3F4C00779AC2 /* QuartzCore.framework */,
				2BCCDBAE1968DD6B005C4A47 /* MapKit.framework */,
				2BCCDB8E1968DC63005C4A47 /* walk to circle */,
				2BCCDBA11968DC63005C4A47 /* walk to circleTests */,
				2BCCDB8D1968DC63005C4A47 /* Products */,
			);
			sourceTree = "<group>";
		};
		2BCCDB8D1968DC63005C4A47 /* Products */ = {
			isa = PBXGroup;
			children = (
				2BCCDB8C1968DC63005C4A47 /* WalkToCircle.app */,
				2BCCDB9E1968DC63005C4A47 /* WalkToCircleTests.xctest */,
			);
			name = Products;
			sourceTree = "<group>";
		};
		2BCCDB8E1968DC63005C4A47 /* walk to circle */ = {
			isa = PBXGroup;
			children = (
				7E1C5F371C1FCE3F00172642 /* Components */,
				7E1C5F491C1FCF4C00172642 /* Core */,
				7E1C5F621C1FD02900172642 /* Images */,
				7E1C5F971C1FD1BF00172642 /* Screens */,
				7E1C5FC41C1FD29700172642 /* Sounds */,
				2BCCDB8F1968DC63005C4A47 /* Supporting Files */,
				7E1C5FE61C1FD2DA00172642 /* Utils */,
				7E1C600F1C1FD31000172642 /* ViewControllers */,
				2BCCDB911968DC63005C4A47 /* AppDelegate.swift */,
				7E1C5F331C1FCA2600172642 /* AppDelegateFactory.swift */,
				7E1C5F311C1FCA0B00172642 /* main.swift */,
				2BCCDB951968DC63005C4A47 /* Main.storyboard */,
				2BCCDB981968DC63005C4A47 /* Images.xcassets */,
				2B770A5F19E8D7E100C28177 /* Launch Screen.xib */,
				7E1C5F351C1FCA5700172642 /* UnitTestAppDelegate.swift */,
			);
			path = "walk to circle";
			sourceTree = "<group>";
		};
		2BCCDB8F1968DC63005C4A47 /* Supporting Files */ = {
			isa = PBXGroup;
			children = (
				2BCCDB901968DC63005C4A47 /* Info.plist */,
			);
			name = "Supporting Files";
			sourceTree = "<group>";
		};
		2BCCDBA11968DC63005C4A47 /* walk to circleTests */ = {
			isa = PBXGroup;
			children = (
				7E62106D1BE49C01006C30B9 /* Helpers */,
				2BCF7B6A1A5136290007B062 /* Core */,
				2B7C38DD1A4ABAC700C3FDA7 /* Screens */,
				2B1276441A47ECC000F6ED44 /* Utils */,
				2BCCDBA21968DC63005C4A47 /* Supporting Files */,
				2B9BA3B819970EA3009C0DE0 /* ButtonOverlapTests.swift */,
				2B6D35D0197A5782008DDAE4 /* iiGeoTests.swift */,
				2B9BA3E519974555009C0DE0 /* scrollToAnnotationTests.swift */,
			);
			path = "walk to circleTests";
			sourceTree = "<group>";
		};
		2BCCDBA21968DC63005C4A47 /* Supporting Files */ = {
			isa = PBXGroup;
			children = (
				2BCCDBA31968DC63005C4A47 /* Info.plist */,
			);
			name = "Supporting Files";
			sourceTree = "<group>";
		};
		2BCF7B6A1A5136290007B062 /* Core */ = {
			isa = PBXGroup;
			children = (
				2B53389F1A52848D0082DC93 /* WalkCirlesReachedTodayTests.swift */,
				2BCF7B6B1A5136B80007B062 /* WalkCoordinateTests.swift */,
			);
			name = Core;
			sourceTree = "<group>";
		};
		7E1C5F371C1FCE3F00172642 /* Components */ = {
			isa = PBXGroup;
			children = (
				7E1C5F391C1FCE3F00172642 /* CutePossumParser */,
				7E1C5F3C1C1FCE3F00172642 /* ScrolledContent */,
				7E1C5F3F1C1FCE3F00172642 /* SoundFader */,
			);
			path = Components;
			sourceTree = "<group>";
		};
		7E1C5F391C1FCE3F00172642 /* CutePossumParser */ = {
			isa = PBXGroup;
			children = (
				7E1C5F3A1C1FCE3F00172642 /* CutePossumParser.swift */,
				7E1C5F3B1C1FCE3F00172642 /* README_cute_possum_parser.md */,
			);
			path = CutePossumParser;
			sourceTree = "<group>";
		};
		7E1C5F3C1C1FCE3F00172642 /* ScrolledContent */ = {
			isa = PBXGroup;
			children = (
				7E1C5F3D1C1FCE3F00172642 /* README_scrolled_content.md */,
				7E1C5F3E1C1FCE3F00172642 /* TegScrolledContent.swift */,
			);
			path = ScrolledContent;
			sourceTree = "<group>";
		};
		7E1C5F3F1C1FCE3F00172642 /* SoundFader */ = {
			isa = PBXGroup;
			children = (
				7E1C5F401C1FCE3F00172642 /* iiFaderForAvAudioPlayer.swift */,
				7E1C5F411C1FCE3F00172642 /* README_sound_fader_ios.md */,
			);
			path = SoundFader;
			sourceTree = "<group>";
		};
		7E1C5F491C1FCF4C00172642 /* Core */ = {
			isa = PBXGroup;
			children = (
				7E1C5F4A1C1FCF4C00172642 /* WalkCircleMonitor.swift */,
				7E1C5F4B1C1FCF4C00172642 /* WalkCirlesReachedToday.swift */,
				7E1C5F4C1C1FCF4C00172642 /* WalkColors.swift */,
				7E1C5F4D1C1FCF4C00172642 /* WalkConstants.swift */,
				7E1C5F4E1C1FCF4C00172642 /* WalkCoordinate.swift */,
				7E1C5F4F1C1FCF4C00172642 /* WalkCoordinateUserDefaultsSerializer.swift */,
				7E1C5F501C1FCF4C00172642 /* WalkLocation.swift */,
				7E1C5F511C1FCF4C00172642 /* WalkNotification.swift */,
				7E1C5F521C1FCF4C00172642 /* WalkSoundType.swift */,
				7E1C5F531C1FCF4C00172642 /* WalkTutorial.swift */,
				7E1C5F541C1FCF4C00172642 /* WalkUserDefaults.swift */,
				7E1C5F551C1FCF4C00172642 /* WalkViewControllers.swift */,
			);
			path = Core;
			sourceTree = "<group>";
		};
		7E1C5F621C1FD02900172642 /* Images */ = {
			isa = PBXGroup;
			children = (
				7E1C5F631C1FD02900172642 /* Background */,
				7E1C5F661C1FD02900172642 /* Continue */,
				7E1C5F6D1C1FD02900172642 /* Play */,
				7E1C5F711C1FD02900172642 /* Rewind */,
				7E1C5F751C1FD02900172642 /* RewindArrows */,
				7E1C5F791C1FD02900172642 /* Stop */,
			);
			path = Images;
			sourceTree = "<group>";
		};
		7E1C5F631C1FD02900172642 /* Background */ = {
			isa = PBXGroup;
			children = (
				7E1C5F641C1FD02900172642 /* branch_background.jpg */,
				7E1C5F651C1FD02900172642 /* launch_screen_background_1024x1024.png */,
			);
			path = Background;
			sourceTree = "<group>";
		};
		7E1C5F661C1FD02900172642 /* Continue */ = {
			isa = PBXGroup;
			children = (
				7E1C5F671C1FD02900172642 /* continue.png */,
				7E1C5F681C1FD02900172642 /* continue@2x.png */,
				7E1C5F691C1FD02900172642 /* continue@3x.png */,
				7E1C5F6A1C1FD02900172642 /* continue_highlighted.png */,
				7E1C5F6B1C1FD02900172642 /* continue_highlighted@2x.png */,
				7E1C5F6C1C1FD02900172642 /* continue_highlighted@3x.png */,
			);
			path = Continue;
			sourceTree = "<group>";
		};
		7E1C5F6D1C1FD02900172642 /* Play */ = {
			isa = PBXGroup;
			children = (
				7E1C5F6E1C1FD02900172642 /* play.png */,
				7E1C5F6F1C1FD02900172642 /* play@2x.png */,
				7E1C5F701C1FD02900172642 /* play@3x.png */,
			);
			path = Play;
			sourceTree = "<group>";
		};
		7E1C5F711C1FD02900172642 /* Rewind */ = {
			isa = PBXGroup;
			children = (
				7E1C5F721C1FD02900172642 /* rewind.png */,
				7E1C5F731C1FD02900172642 /* rewind@2x.png */,
				7E1C5F741C1FD02900172642 /* rewind@3x.png */,
			);
			path = Rewind;
			sourceTree = "<group>";
		};
		7E1C5F751C1FD02900172642 /* RewindArrows */ = {
			isa = PBXGroup;
			children = (
				7E1C5F761C1FD02900172642 /* rewind_arrows.png */,
				7E1C5F771C1FD02900172642 /* rewind_arrows@2x.png */,
				7E1C5F781C1FD02900172642 /* rewind_arrows@3x.png */,
			);
			path = RewindArrows;
			sourceTree = "<group>";
		};
		7E1C5F791C1FD02900172642 /* Stop */ = {
			isa = PBXGroup;
			children = (
				7E1C5F7A1C1FD02900172642 /* stop.png */,
				7E1C5F7B1C1FD02900172642 /* stop@2x.png */,
				7E1C5F7C1C1FD02900172642 /* stop@3x.png */,
				7E1C5F7D1C1FD02900172642 /* stop_highlighted.png */,
				7E1C5F7E1C1FD02900172642 /* stop_highlighted@2x.png */,
				7E1C5F7F1C1FD02900172642 /* stop_highlighted@3x.png */,
			);
			path = Stop;
			sourceTree = "<group>";
		};
		7E1C5F971C1FD1BF00172642 /* Screens */ = {
			isa = PBXGroup;
			children = (
				7E1C5F981C1FD1BF00172642 /* Congrats */,
				7E1C5F9B1C1FD1BF00172642 /* Map */,
				7E1C5FAA1C1FD1BF00172642 /* Walk */,
			);
			path = Screens;
			sourceTree = "<group>";
		};
		7E1C5F981C1FD1BF00172642 /* Congrats */ = {
			isa = PBXGroup;
			children = (
				7E1C5F991C1FD1BF00172642 /* CongratsPhrase.swift */,
				7E1C5F9A1C1FD1BF00172642 /* CongratsSounds.swift */,
			);
			path = Congrats;
			sourceTree = "<group>";
		};
		7E1C5F9B1C1FD1BF00172642 /* Map */ = {
			isa = PBXGroup;
			children = (
				7E1C5FA01C1FD1BF00172642 /* Delegates */,
				7E1C5F9C1C1FD1BF00172642 /* Annotation.swift */,
				7E1C5F9D1C1FD1BF00172642 /* Annotations.swift */,
				7E1C5F9E1C1FD1BF00172642 /* ButtonOverlap.swift */,
				7E1C5F9F1C1FD1BF00172642 /* Countdown.swift */,
				7E1C5FA41C1FD1BF00172642 /* DropPin.swift */,
				7E1C5FA51C1FD1BF00172642 /* RewindButton.swift */,
				7E1C5FA61C1FD1BF00172642 /* ScrollToAnnotation.swift */,
				7E1C5FA71C1FD1BF00172642 /* ShowUserLocationOnMap.swift */,
				7E1C5FA81C1FD1BF00172642 /* YiiButtons.swift */,
				7E1C5FA91C1FD1BF00172642 /* YiiMap.swift */,
			);
			path = Map;
			sourceTree = "<group>";
		};
		7E1C5FA01C1FD1BF00172642 /* Delegates */ = {
			isa = PBXGroup;
			children = (
				7E1C5FA11C1FD1BF00172642 /* CountdownDelegate.swift */,
				7E1C5FA21C1FD1BF00172642 /* YiiButtonsDelegate.swift */,
				7E1C5FA31C1FD1BF00172642 /* YiiMapDelegate.swift */,
			);
			path = Delegates;
			sourceTree = "<group>";
		};
		7E1C5FAA1C1FD1BF00172642 /* Walk */ = {
			isa = PBXGroup;
			children = (
				7E1C5FAB1C1FD1BF00172642 /* Quotes.json */,
				7E1C5FAC1C1FD1BF00172642 /* WalkQuote.swift */,
				7E1C5FAD1C1FD1BF00172642 /* WalkQuotePicker.swift */,
				7E1C5FAE1C1FD1BF00172642 /* WalkQuotesLoader.swift */,
				7E1C5FAF1C1FD1BF00172642 /* YiiQuotes.swift */,
			);
			path = Walk;
			sourceTree = "<group>";
		};
		7E1C5FC41C1FD29700172642 /* Sounds */ = {
			isa = PBXGroup;
			children = (
				7E1C5FC51C1FD29700172642 /* blop.wav */,
				7E1C5FC61C1FD29700172642 /* click_sound.wav */,
				7E1C5FC71C1FD29700172642 /* Congrats */,
				7E1C5FD21C1FD29700172642 /* large_door.mp3 */,
				7E1C5FD31C1FD29700172642 /* notification_morning_fresh.mp3 */,
				7E1C5FD41C1FD29700172642 /* pin_drop.mp3 */,
				7E1C5FD51C1FD29700172642 /* snow_ball_throw_short.wav */,
			);
			path = Sounds;
			sourceTree = "<group>";
		};
		7E1C5FC71C1FD29700172642 /* Congrats */ = {
			isa = PBXGroup;
			children = (
				7E1C5FC81C1FD29700172642 /* applause_1.mp3 */,
				7E1C5FC91C1FD29700172642 /* applause_12.mp3 */,
				7E1C5FCA1C1FD29700172642 /* applause_15.mp3 */,
				7E1C5FCB1C1FD29700172642 /* applause_2.mp3 */,
				7E1C5FCC1C1FD29700172642 /* applause_20.mp3 */,
				7E1C5FCD1C1FD29700172642 /* applause_3.mp3 */,
				7E1C5FCE1C1FD29700172642 /* applause_4.mp3 */,
				7E1C5FCF1C1FD29700172642 /* applause_6.mp3 */,
				7E1C5FD01C1FD29700172642 /* applause_7.mp3 */,
				7E1C5FD11C1FD29700172642 /* applause_9.mp3 */,
			);
			path = Congrats;
			sourceTree = "<group>";
		};
		7E1C5FE61C1FD2DA00172642 /* Utils */ = {
			isa = PBXGroup;
			children = (
				7E1C5FE71C1FD2DA00172642 /* iiAnimator.swift */,
				7E1C5FE81C1FD2DA00172642 /* iiAutolayoutConstraints.swift */,
				7E1C5FE91C1FD2DA00172642 /* iiCLErrorToString.swift */,
				7E1C5FEA1C1FD2DA00172642 /* iiDate.swift */,
				7E1C5FEB1C1FD2DA00172642 /* iiGeo.swift */,
				7E1C5FEC1C1FD2DA00172642 /* iiJsonLoader.swift */,
				7E1C5FED1C1FD2DA00172642 /* iiLayer.swift */,
				7E1C5FEE1C1FD2DA00172642 /* iiOsVersion.swift */,
				7E1C5FEF1C1FD2DA00172642 /* iiOutputView.swift */,
				7E1C5FF01C1FD2DA00172642 /* iiPresentViewController.swift */,
				7E1C5FF11C1FD2DA00172642 /* iiQ.swift */,
				7E1C5FF21C1FD2DA00172642 /* iiRandom.swift */,
				7E1C5FF31C1FD2DA00172642 /* iiScreenSize.swift */,
				7E1C5FF41C1FD2DA00172642 /* iiSettingsOpener.swift */,
				7E1C5FF51C1FD2DA00172642 /* iiSoundPlayer.swift */,
				7E1C5FF61C1FD2DA00172642 /* iiSounds.swift */,
				7E1C5FF71C1FD2DA00172642 /* iiTickTock.swift */,
				7E1C5FF81C1FD2DA00172642 /* iiUIColor.swift */,
				7E1C5FF91C1FD2DA00172642 /* iiViewPosition.swift */,
				7E1C5FFA1C1FD2DA00172642 /* SpringAnimation.swift */,
			);
			path = Utils;
			sourceTree = "<group>";
		};
		7E1C600F1C1FD31000172642 /* ViewControllers */ = {
			isa = PBXGroup;
			children = (
				7E1C60101C1FD31000172642 /* CongratsViewController.swift */,
				7E1C60111C1FD31000172642 /* InitialViewController.swift */,
				7E1C60121C1FD31000172642 /* LocationDeniedViewController.swift */,
				7E1C60131C1FD31000172642 /* MapViewController.swift */,
				7E1C60141C1FD31000172642 /* RegionMonitoringUnavailable.swift */,
				7E1C60151C1FD31000172642 /* WalkViewController.swift */,
			);
			path = ViewControllers;
			sourceTree = "<group>";
		};
		7E62106D1BE49C01006C30B9 /* Helpers */ = {
			isa = PBXGroup;
			children = (
				7E62106E1BE49C16006C30B9 /* TestLocationHelper.swift */,
			);
			path = Helpers;
			sourceTree = "<group>";
		};
/* End PBXGroup section */

/* Begin PBXNativeTarget section */
		2BCCDB8B1968DC63005C4A47 /* WalkToCircle */ = {
			isa = PBXNativeTarget;
			buildConfigurationList = 2BCCDBA81968DC63005C4A47 /* Build configuration list for PBXNativeTarget "WalkToCircle" */;
			buildPhases = (
				2BCCDB881968DC63005C4A47 /* Sources */,
				2BCCDB891968DC63005C4A47 /* Frameworks */,
				2BCCDB8A1968DC63005C4A47 /* Resources */,
				7EECBB521BA38CD3003231E6 /* Embed Watch Content */,
			);
			buildRules = (
			);
			dependencies = (
			);
			name = WalkToCircle;
			productName = "walk to circle";
			productReference = 2BCCDB8C1968DC63005C4A47 /* WalkToCircle.app */;
			productType = "com.apple.product-type.application";
		};
		2BCCDB9D1968DC63005C4A47 /* WalkToCircleTests */ = {
			isa = PBXNativeTarget;
			buildConfigurationList = 2BCCDBAB1968DC63005C4A47 /* Build configuration list for PBXNativeTarget "WalkToCircleTests" */;
			buildPhases = (
				2BCCDB9A1968DC63005C4A47 /* Sources */,
				2BCCDB9B1968DC63005C4A47 /* Frameworks */,
				2BCCDB9C1968DC63005C4A47 /* Resources */,
			);
			buildRules = (
			);
			dependencies = (
				2BCCDBA01968DC63005C4A47 /* PBXTargetDependency */,
				2B6D35CD197A56C3008DDAE4 /* PBXTargetDependency */,
				2B6D35CF197A56C3008DDAE4 /* PBXTargetDependency */,
				2B6D35D5197A58D8008DDAE4 /* PBXTargetDependency */,
				2B6D35D7197A5943008DDAE4 /* PBXTargetDependency */,
				2B6D35D9197A594A008DDAE4 /* PBXTargetDependency */,
			);
			name = WalkToCircleTests;
			productName = "walk to circleTests";
			productReference = 2BCCDB9E1968DC63005C4A47 /* WalkToCircleTests.xctest */;
			productType = "com.apple.product-type.bundle.unit-test";
		};
/* End PBXNativeTarget section */

/* Begin PBXProject section */
		2BCCDB841968DC63005C4A47 /* Project object */ = {
			isa = PBXProject;
			attributes = {
				LastSwiftMigration = 0700;
				LastSwiftUpdateCheck = 0700;
				LastUpgradeCheck = 0700;
				ORGANIZATIONNAME = "Evgenii Neumerzhitckii";
				TargetAttributes = {
					2BCCDB8B1968DC63005C4A47 = {
						CreatedOnToolsVersion = 6.0;
						DevelopmentTeam = BS677JRE62;
						SystemCapabilities = {
							com.apple.BackgroundModes = {
								enabled = 1;
							};
						};
					};
					2BCCDB9D1968DC63005C4A47 = {
						CreatedOnToolsVersion = 6.0;
						TestTargetID = 2BCCDB8B1968DC63005C4A47;
					};
				};
			};
			buildConfigurationList = 2BCCDB871968DC63005C4A47 /* Build configuration list for PBXProject "WalkToCircle" */;
			compatibilityVersion = "Xcode 3.2";
			developmentRegion = English;
			hasScannedForEncodings = 0;
			knownRegions = (
				en,
				Base,
			);
			mainGroup = 2BCCDB831968DC63005C4A47;
			productRefGroup = 2BCCDB8D1968DC63005C4A47 /* Products */;
			projectDirPath = "";
			projectRoot = "";
			targets = (
				2BCCDB8B1968DC63005C4A47 /* WalkToCircle */,
				2BCCDB9D1968DC63005C4A47 /* WalkToCircleTests */,
			);
		};
/* End PBXProject section */

/* Begin PBXResourcesBuildPhase section */
		2BCCDB8A1968DC63005C4A47 /* Resources */ = {
			isa = PBXResourcesBuildPhase;
			buildActionMask = 2147483647;
			files = (
				7E1C5FDF1C1FD29700172642 /* applause_6.mp3 in Resources */,
				7E1C5FE41C1FD29700172642 /* pin_drop.mp3 in Resources */,
				7E1C5F841C1FD02900172642 /* continue@3x.png in Resources */,
				7E1C5FD61C1FD29700172642 /* blop.wav in Resources */,
				2BCCDB971968DC63005C4A47 /* Main.storyboard in Resources */,
				7E1C5F8F1C1FD02900172642 /* rewind_arrows@2x.png in Resources */,
				7E1C5F961C1FD02900172642 /* stop_highlighted@3x.png in Resources */,
				7E1C5FD71C1FD29700172642 /* click_sound.wav in Resources */,
				7E1C5F941C1FD02900172642 /* stop_highlighted.png in Resources */,
				2B770A6019E8D7E100C28177 /* Launch Screen.xib in Resources */,
				7E1C5F931C1FD02900172642 /* stop@3x.png in Resources */,
				7E1C5FE21C1FD29700172642 /* large_door.mp3 in Resources */,
				7E1C5F8B1C1FD02900172642 /* rewind.png in Resources */,
				7E1C5FE01C1FD29700172642 /* applause_7.mp3 in Resources */,
				7E1C5F951C1FD02900172642 /* stop_highlighted@2x.png in Resources */,
				7E1C5FDC1C1FD29700172642 /* applause_20.mp3 in Resources */,
				7E1C5F901C1FD02900172642 /* rewind_arrows@3x.png in Resources */,
				7E1C5F8E1C1FD02900172642 /* rewind_arrows.png in Resources */,
				7E1C5FDE1C1FD29700172642 /* applause_4.mp3 in Resources */,
				7E1C5FDA1C1FD29700172642 /* applause_15.mp3 in Resources */,
				7E1C5F851C1FD02900172642 /* continue_highlighted.png in Resources */,
				7E1C5F8A1C1FD02900172642 /* play@3x.png in Resources */,
				7E1C5F831C1FD02900172642 /* continue@2x.png in Resources */,
				7E1C5F881C1FD02900172642 /* play.png in Resources */,
				7E1C5F871C1FD02900172642 /* continue_highlighted@3x.png in Resources */,
				7E1C5FE31C1FD29700172642 /* notification_morning_fresh.mp3 in Resources */,
				7E1C5F811C1FD02900172642 /* launch_screen_background_1024x1024.png in Resources */,
				7E1C5F891C1FD02900172642 /* play@2x.png in Resources */,
				7E1C5FE51C1FD29700172642 /* snow_ball_throw_short.wav in Resources */,
				7E1C5FBF1C1FD1BF00172642 /* Quotes.json in Resources */,
				7E1C5F801C1FD02900172642 /* branch_background.jpg in Resources */,
				7E1C5F861C1FD02900172642 /* continue_highlighted@2x.png in Resources */,
				7E1C5FD91C1FD29700172642 /* applause_12.mp3 in Resources */,
				7E1C5FD81C1FD29700172642 /* applause_1.mp3 in Resources */,
				7E1C5F911C1FD02900172642 /* stop.png in Resources */,
				7E1C5FDD1C1FD29700172642 /* applause_3.mp3 in Resources */,
				7E1C5F821C1FD02900172642 /* continue.png in Resources */,
				7E1C5FE11C1FD29700172642 /* applause_9.mp3 in Resources */,
				7E1C5FDB1C1FD29700172642 /* applause_2.mp3 in Resources */,
				7E1C5F8D1C1FD02900172642 /* rewind@3x.png in Resources */,
				7E1C5F921C1FD02900172642 /* stop@2x.png in Resources */,
				2BCCDB991968DC63005C4A47 /* Images.xcassets in Resources */,
				7E1C5F8C1C1FD02900172642 /* rewind@2x.png in Resources */,
			);
			runOnlyForDeploymentPostprocessing = 0;
		};
		2BCCDB9C1968DC63005C4A47 /* Resources */ = {
			isa = PBXResourcesBuildPhase;
			buildActionMask = 2147483647;
			files = (
			);
			runOnlyForDeploymentPostprocessing = 0;
		};
/* End PBXResourcesBuildPhase section */

/* Begin PBXSourcesBuildPhase section */
		2BCCDB881968DC63005C4A47 /* Sources */ = {
			isa = PBXSourcesBuildPhase;
			buildActionMask = 2147483647;
			files = (
				7E1C5F321C1FCA0B00172642 /* main.swift in Sources */,
				7E1C601B1C1FD31000172642 /* WalkViewController.swift in Sources */,
				7E1C600E1C1FD2DA00172642 /* SpringAnimation.swift in Sources */,
				7E1C5FB71C1FD1BF00172642 /* YiiButtonsDelegate.swift in Sources */,
				7E1C60051C1FD2DA00172642 /* iiQ.swift in Sources */,
				7E1C60071C1FD2DA00172642 /* iiScreenSize.swift in Sources */,
				7E1C5FB61C1FD1BF00172642 /* CountdownDelegate.swift in Sources */,
				7E1C60001C1FD2DA00172642 /* iiJsonLoader.swift in Sources */,
				7E1C60081C1FD2DA00172642 /* iiSettingsOpener.swift in Sources */,
				7E1C5F471C1FCE3F00172642 /* iiFaderForAvAudioPlayer.swift in Sources */,
				7E1C60161C1FD31000172642 /* CongratsViewController.swift in Sources */,
				7E1C5FFE1C1FD2DA00172642 /* iiDate.swift in Sources */,
				7E1C5F601C1FCF4C00172642 /* WalkUserDefaults.swift in Sources */,
				7E1C60061C1FD2DA00172642 /* iiRandom.swift in Sources */,
				2BCCDB921968DC63005C4A47 /* AppDelegate.swift in Sources */,
				7E1C5FBE1C1FD1BF00172642 /* YiiMap.swift in Sources */,
				7E1C60171C1FD31000172642 /* InitialViewController.swift in Sources */,
				7E1C5F461C1FCE3F00172642 /* TegScrolledContent.swift in Sources */,
				7E1C600D1C1FD2DA00172642 /* iiViewPosition.swift in Sources */,
				7E1C60091C1FD2DA00172642 /* iiSoundPlayer.swift in Sources */,
				7E1C5FC11C1FD1BF00172642 /* WalkQuotePicker.swift in Sources */,
				7E1C5FBA1C1FD1BF00172642 /* RewindButton.swift in Sources */,
				7E1C5F5C1C1FCF4C00172642 /* WalkLocation.swift in Sources */,
				7E1C5FC31C1FD1BF00172642 /* YiiQuotes.swift in Sources */,
				7E1C5F5B1C1FCF4C00172642 /* WalkCoordinateUserDefaultsSerializer.swift in Sources */,
				7E1C5FB11C1FD1BF00172642 /* CongratsSounds.swift in Sources */,
				7E1C5F5A1C1FCF4C00172642 /* WalkCoordinate.swift in Sources */,
				7E1C60021C1FD2DA00172642 /* iiOsVersion.swift in Sources */,
				7E1C60011C1FD2DA00172642 /* iiLayer.swift in Sources */,
				7E1C5FFB1C1FD2DA00172642 /* iiAnimator.swift in Sources */,
				7E1C5FFC1C1FD2DA00172642 /* iiAutolayoutConstraints.swift in Sources */,
				7E1C5F571C1FCF4C00172642 /* WalkCirlesReachedToday.swift in Sources */,
				7E1C60191C1FD31000172642 /* MapViewController.swift in Sources */,
				7E1C5F361C1FCA5700172642 /* UnitTestAppDelegate.swift in Sources */,
				7E1C5FB21C1FD1BF00172642 /* Annotation.swift in Sources */,
				7E1C600B1C1FD2DA00172642 /* iiTickTock.swift in Sources */,
				7E1C600C1C1FD2DA00172642 /* iiUIColor.swift in Sources */,
				7E1C5FFF1C1FD2DA00172642 /* iiGeo.swift in Sources */,
				7E1C5FB41C1FD1BF00172642 /* ButtonOverlap.swift in Sources */,
				7E1C5FBB1C1FD1BF00172642 /* ScrollToAnnotation.swift in Sources */,
				7E1C5FBC1C1FD1BF00172642 /* ShowUserLocationOnMap.swift in Sources */,
				7E1C5F5F1C1FCF4C00172642 /* WalkTutorial.swift in Sources */,
				7E1C5F341C1FCA2600172642 /* AppDelegateFactory.swift in Sources */,
				7E1C5F561C1FCF4C00172642 /* WalkCircleMonitor.swift in Sources */,
				7E1C5FB51C1FD1BF00172642 /* Countdown.swift in Sources */,
				7E1C5F581C1FCF4C00172642 /* WalkColors.swift in Sources */,
				7E1C5F5E1C1FCF4C00172642 /* WalkSoundType.swift in Sources */,
				7E1C5FFD1C1FD2DA00172642 /* iiCLErrorToString.swift in Sources */,
				7E1C5FB01C1FD1BF00172642 /* CongratsPhrase.swift in Sources */,
				7E1C5F5D1C1FCF4C00172642 /* WalkNotification.swift in Sources */,
				7E1C5F611C1FCF4C00172642 /* WalkViewControllers.swift in Sources */,
				7E1C5F591C1FCF4C00172642 /* WalkConstants.swift in Sources */,
				7E1C5F431C1FCE3F00172642 /* CutePossumParser.swift in Sources */,
				7E1C600A1C1FD2DA00172642 /* iiSounds.swift in Sources */,
				7E1C5FB31C1FD1BF00172642 /* Annotations.swift in Sources */,
				7E1C5FBD1C1FD1BF00172642 /* YiiButtons.swift in Sources */,
				7E1C5FB81C1FD1BF00172642 /* YiiMapDelegate.swift in Sources */,
				7E1C601A1C1FD31000172642 /* RegionMonitoringUnavailable.swift in Sources */,
				7E1C5FC21C1FD1BF00172642 /* WalkQuotesLoader.swift in Sources */,
				7E1C5FC01C1FD1BF00172642 /* WalkQuote.swift in Sources */,
				7E1C60031C1FD2DA00172642 /* iiOutputView.swift in Sources */,
				7E1C60041C1FD2DA00172642 /* iiPresentViewController.swift in Sources */,
				7E1C5FB91C1FD1BF00172642 /* DropPin.swift in Sources */,
				7E1C60181C1FD31000172642 /* LocationDeniedViewController.swift in Sources */,
			);
			runOnlyForDeploymentPostprocessing = 0;
		};
		2BCCDB9A1968DC63005C4A47 /* Sources */ = {
			isa = PBXSourcesBuildPhase;
			buildActionMask = 2147483647;
			files = (
				2B7C38EA1A4ACA2B00C3FDA7 /* YiiQuotes.swift in Sources */,
				2B6D35D1197A5782008DDAE4 /* iiGeoTests.swift in Sources */,
				2BE4D7471A54DA04006B600D /* WalkQuotePickerTests.swift in Sources */,
				2B5338A91A5289B60082DC93 /* iiDateTests.swift in Sources */,
				2B1276471A47ECD600F6ED44 /* iiUIColorTests.swift in Sources */,
				2B7C38E11A4ABAEB00C3FDA7 /* WalkQuotesLoaderTests.swift in Sources */,
				2B23E82F1A52646D0062A01F /* CongratsPhraseTests.swift in Sources */,
				2BE4D71B1A54B304006B600D /* CongratsSoundsTests.swift in Sources */,
				7E6210701BE49C50006C30B9 /* TestLocationHelper.swift in Sources */,
				2B9BA3B919970EA3009C0DE0 /* ButtonOverlapTests.swift in Sources */,
				2B9BA3E619974555009C0DE0 /* scrollToAnnotationTests.swift in Sources */,
				2BCF7B6D1A5136C80007B062 /* WalkCoordinateTests.swift in Sources */,
				2B5338A11A5284AE0082DC93 /* WalkCirlesReachedTodayTests.swift in Sources */,
			);
			runOnlyForDeploymentPostprocessing = 0;
		};
/* End PBXSourcesBuildPhase section */

/* Begin PBXTargetDependency section */
		2B6D35CD197A56C3008DDAE4 /* PBXTargetDependency */ = {
			isa = PBXTargetDependency;
			target = 2BCCDB8B1968DC63005C4A47 /* WalkToCircle */;
			targetProxy = 2B6D35CC197A56C3008DDAE4 /* PBXContainerItemProxy */;
		};
		2B6D35CF197A56C3008DDAE4 /* PBXTargetDependency */ = {
			isa = PBXTargetDependency;
			target = 2BCCDB8B1968DC63005C4A47 /* WalkToCircle */;
			targetProxy = 2B6D35CE197A56C3008DDAE4 /* PBXContainerItemProxy */;
		};
		2B6D35D5197A58D8008DDAE4 /* PBXTargetDependency */ = {
			isa = PBXTargetDependency;
			target = 2BCCDB8B1968DC63005C4A47 /* WalkToCircle */;
			targetProxy = 2B6D35D4197A58D8008DDAE4 /* PBXContainerItemProxy */;
		};
		2B6D35D7197A5943008DDAE4 /* PBXTargetDependency */ = {
			isa = PBXTargetDependency;
			target = 2BCCDB8B1968DC63005C4A47 /* WalkToCircle */;
			targetProxy = 2B6D35D6197A5943008DDAE4 /* PBXContainerItemProxy */;
		};
		2B6D35D9197A594A008DDAE4 /* PBXTargetDependency */ = {
			isa = PBXTargetDependency;
			target = 2BCCDB8B1968DC63005C4A47 /* WalkToCircle */;
			targetProxy = 2B6D35D8197A594A008DDAE4 /* PBXContainerItemProxy */;
		};
		2BCCDBA01968DC63005C4A47 /* PBXTargetDependency */ = {
			isa = PBXTargetDependency;
			target = 2BCCDB8B1968DC63005C4A47 /* WalkToCircle */;
			targetProxy = 2BCCDB9F1968DC63005C4A47 /* PBXContainerItemProxy */;
		};
/* End PBXTargetDependency section */

/* Begin PBXVariantGroup section */
		2BCCDB951968DC63005C4A47 /* Main.storyboard */ = {
			isa = PBXVariantGroup;
			children = (
				2BCCDB961968DC63005C4A47 /* Base */,
			);
			name = Main.storyboard;
			sourceTree = "<group>";
		};
/* End PBXVariantGroup section */

/* Begin XCBuildConfiguration section */
		2BCCDBA61968DC63005C4A47 /* Debug */ = {
			isa = XCBuildConfiguration;
			buildSettings = {
				ALWAYS_SEARCH_USER_PATHS = NO;
				CLANG_CXX_LANGUAGE_STANDARD = "gnu++0x";
				CLANG_CXX_LIBRARY = "libc++";
				CLANG_ENABLE_MODULES = YES;
				CLANG_ENABLE_OBJC_ARC = YES;
				CLANG_WARN_BOOL_CONVERSION = YES;
				CLANG_WARN_CONSTANT_CONVERSION = YES;
				CLANG_WARN_DIRECT_OBJC_ISA_USAGE = YES_ERROR;
				CLANG_WARN_EMPTY_BODY = YES;
				CLANG_WARN_ENUM_CONVERSION = YES;
				CLANG_WARN_INT_CONVERSION = YES;
				CLANG_WARN_OBJC_ROOT_CLASS = YES_ERROR;
				CLANG_WARN_UNREACHABLE_CODE = YES;
				CLANG_WARN__DUPLICATE_METHOD_MATCH = YES;
				"CODE_SIGN_IDENTITY[sdk=iphoneos*]" = "iPhone Developer";
				COPY_PHASE_STRIP = NO;
				ENABLE_STRICT_OBJC_MSGSEND = YES;
				ENABLE_TESTABILITY = YES;
				GCC_C_LANGUAGE_STANDARD = gnu99;
				GCC_DYNAMIC_NO_PIC = NO;
				GCC_OPTIMIZATION_LEVEL = 0;
				GCC_PREPROCESSOR_DEFINITIONS = (
					"DEBUG=1",
					"$(inherited)",
				);
				GCC_SYMBOLS_PRIVATE_EXTERN = NO;
				GCC_WARN_64_TO_32_BIT_CONVERSION = YES;
				GCC_WARN_ABOUT_RETURN_TYPE = YES_ERROR;
				GCC_WARN_UNDECLARED_SELECTOR = YES;
				GCC_WARN_UNINITIALIZED_AUTOS = YES_AGGRESSIVE;
				GCC_WARN_UNUSED_FUNCTION = YES;
				GCC_WARN_UNUSED_VARIABLE = YES;
				IPHONEOS_DEPLOYMENT_TARGET = 8.0;
				METAL_ENABLE_DEBUG_INFO = YES;
				ONLY_ACTIVE_ARCH = YES;
				SDKROOT = iphoneos;
				SWIFT_OPTIMIZATION_LEVEL = "-Onone";
				TARGETED_DEVICE_FAMILY = "1,2";
			};
			name = Debug;
		};
		2BCCDBA71968DC63005C4A47 /* Release */ = {
			isa = XCBuildConfiguration;
			buildSettings = {
				ALWAYS_SEARCH_USER_PATHS = NO;
				CLANG_CXX_LANGUAGE_STANDARD = "gnu++0x";
				CLANG_CXX_LIBRARY = "libc++";
				CLANG_ENABLE_MODULES = YES;
				CLANG_ENABLE_OBJC_ARC = YES;
				CLANG_WARN_BOOL_CONVERSION = YES;
				CLANG_WARN_CONSTANT_CONVERSION = YES;
				CLANG_WARN_DIRECT_OBJC_ISA_USAGE = YES_ERROR;
				CLANG_WARN_EMPTY_BODY = YES;
				CLANG_WARN_ENUM_CONVERSION = YES;
				CLANG_WARN_INT_CONVERSION = YES;
				CLANG_WARN_OBJC_ROOT_CLASS = YES_ERROR;
				CLANG_WARN_UNREACHABLE_CODE = YES;
				CLANG_WARN__DUPLICATE_METHOD_MATCH = YES;
				"CODE_SIGN_IDENTITY[sdk=iphoneos*]" = "iPhone Developer";
				COPY_PHASE_STRIP = YES;
				ENABLE_NS_ASSERTIONS = NO;
				ENABLE_STRICT_OBJC_MSGSEND = YES;
				GCC_C_LANGUAGE_STANDARD = gnu99;
				GCC_WARN_64_TO_32_BIT_CONVERSION = YES;
				GCC_WARN_ABOUT_RETURN_TYPE = YES_ERROR;
				GCC_WARN_UNDECLARED_SELECTOR = YES;
				GCC_WARN_UNINITIALIZED_AUTOS = YES_AGGRESSIVE;
				GCC_WARN_UNUSED_FUNCTION = YES;
				GCC_WARN_UNUSED_VARIABLE = YES;
				IPHONEOS_DEPLOYMENT_TARGET = 8.0;
				METAL_ENABLE_DEBUG_INFO = NO;
				SDKROOT = iphoneos;
				TARGETED_DEVICE_FAMILY = "1,2";
				VALIDATE_PRODUCT = YES;
			};
			name = Release;
		};
		2BCCDBA91968DC63005C4A47 /* Debug */ = {
			isa = XCBuildConfiguration;
			buildSettings = {
				ASSETCATALOG_COMPILER_APPICON_NAME = AppIcon;
				ASSETCATALOG_COMPILER_LAUNCHIMAGE_NAME = LaunchImage;
				CODE_SIGN_IDENTITY = "iPhone Developer";
				EMBEDDED_CONTENT_CONTAINS_SWIFT = YES;
				INFOPLIST_FILE = "walk to circle/Info.plist";
				LD_RUNPATH_SEARCH_PATHS = "$(inherited) @executable_path/Frameworks";
				PRODUCT_BUNDLE_IDENTIFIER = "com.evgenii.$(PRODUCT_NAME:rfc1034identifier)";
				PRODUCT_NAME = WalkToCircle;
			};
			name = Debug;
		};
		2BCCDBAA1968DC63005C4A47 /* Release */ = {
			isa = XCBuildConfiguration;
			buildSettings = {
				ASSETCATALOG_COMPILER_APPICON_NAME = AppIcon;
				ASSETCATALOG_COMPILER_LAUNCHIMAGE_NAME = LaunchImage;
				CODE_SIGN_IDENTITY = "iPhone Developer";
				EMBEDDED_CONTENT_CONTAINS_SWIFT = YES;
				INFOPLIST_FILE = "walk to circle/Info.plist";
				LD_RUNPATH_SEARCH_PATHS = "$(inherited) @executable_path/Frameworks";
				PRODUCT_BUNDLE_IDENTIFIER = "com.evgenii.$(PRODUCT_NAME:rfc1034identifier)";
				PRODUCT_NAME = WalkToCircle;
			};
			name = Release;
		};
		2BCCDBAC1968DC63005C4A47 /* Debug */ = {
			isa = XCBuildConfiguration;
			buildSettings = {
				BUNDLE_LOADER = "$(TEST_HOST)";
				GCC_PREPROCESSOR_DEFINITIONS = (
					"DEBUG=1",
					"$(inherited)",
				);
				INFOPLIST_FILE = "walk to circleTests/Info.plist";
				LD_RUNPATH_SEARCH_PATHS = "$(inherited) @executable_path/Frameworks @loader_path/Frameworks";
				METAL_ENABLE_DEBUG_INFO = YES;
				PRODUCT_BUNDLE_IDENTIFIER = "com.evgenii.${PRODUCT_NAME:rfc1034identifier}";
				PRODUCT_NAME = WalkToCircleTests;
				TEST_HOST = "$(BUILT_PRODUCTS_DIR)/WalkToCircle.app/WalkToCircle";
			};
			name = Debug;
		};
		2BCCDBAD1968DC63005C4A47 /* Release */ = {
			isa = XCBuildConfiguration;
			buildSettings = {
				BUNDLE_LOADER = "$(TEST_HOST)";
				INFOPLIST_FILE = "walk to circleTests/Info.plist";
				LD_RUNPATH_SEARCH_PATHS = "$(inherited) @executable_path/Frameworks @loader_path/Frameworks";
				METAL_ENABLE_DEBUG_INFO = NO;
				PRODUCT_BUNDLE_IDENTIFIER = "com.evgenii.${PRODUCT_NAME:rfc1034identifier}";
				PRODUCT_NAME = WalkToCircleTests;
				TEST_HOST = "$(BUILT_PRODUCTS_DIR)/WalkToCircle.app/WalkToCircle";
			};
			name = Release;
		};
/* End XCBuildConfiguration section */

/* Begin XCConfigurationList section */
		2BCCDB871968DC63005C4A47 /* Build configuration list for PBXProject "WalkToCircle" */ = {
			isa = XCConfigurationList;
			buildConfigurations = (
				2BCCDBA61968DC63005C4A47 /* Debug */,
				2BCCDBA71968DC63005C4A47 /* Release */,
			);
			defaultConfigurationIsVisible = 0;
			defaultConfigurationName = Release;
		};
		2BCCDBA81968DC63005C4A47 /* Build configuration list for PBXNativeTarget "WalkToCircle" */ = {
			isa = XCConfigurationList;
			buildConfigurations = (
				2BCCDBA91968DC63005C4A47 /* Debug */,
				2BCCDBAA1968DC63005C4A47 /* Release */,
			);
			defaultConfigurationIsVisible = 0;
			defaultConfigurationName = Release;
		};
		2BCCDBAB1968DC63005C4A47 /* Build configuration list for PBXNativeTarget "WalkToCircleTests" */ = {
			isa = XCConfigurationList;
			buildConfigurations = (
				2BCCDBAC1968DC63005C4A47 /* Debug */,
				2BCCDBAD1968DC63005C4A47 /* Release */,
			);
			defaultConfigurationIsVisible = 0;
			defaultConfigurationName = Release;
		};
/* End XCConfigurationList section */
	};
	rootObject = 2BCCDB841968DC63005C4A47 /* Project object */;
}
