// !$*UTF8*$!
{
	archiveVersion = 1;
	classes = {
	};
	objectVersion = 46;
	objects = {

/* Begin PBXBuildFile section */
		2BCCDB921968DC63005C4A47 /* AppDelegate.swift in Sources */ = {isa = PBXBuildFile; fileRef = 2BCCDB911968DC63005C4A47 /* AppDelegate.swift */; };
		2BCCDB941968DC63005C4A47 /* ViewController.swift in Sources */ = {isa = PBXBuildFile; fileRef = 2BCCDB931968DC63005C4A47 /* ViewController.swift */; };
		2BCCDB971968DC63005C4A47 /* Main.storyboard in Resources */ = {isa = PBXBuildFile; fileRef = 2BCCDB951968DC63005C4A47 /* Main.storyboard */; };
		2BCCDB991968DC63005C4A47 /* Images.xcassets in Resources */ = {isa = PBXBuildFile; fileRef = 2BCCDB981968DC63005C4A47 /* Images.xcassets */; };
		2BCCDBA51968DC63005C4A47 /* walk_to_circleTests.swift in Sources */ = {isa = PBXBuildFile; fileRef = 2BCCDBA41968DC63005C4A47 /* walk_to_circleTests.swift */; };
		2BCCDBAF1968DD6B005C4A47 /* MapKit.framework in Frameworks */ = {isa = PBXBuildFile; fileRef = 2BCCDBAE1968DD6B005C4A47 /* MapKit.framework */; };
/* End PBXBuildFile section */

/* Begin PBXContainerItemProxy section */
		2BCCDB9F1968DC63005C4A47 /* PBXContainerItemProxy */ = {
			isa = PBXContainerItemProxy;
			containerPortal = 2BCCDB841968DC63005C4A47 /* Project object */;
			proxyType = 1;
			remoteGlobalIDString = 2BCCDB8B1968DC63005C4A47;
			remoteInfo = "walk to circle";
		};
/* End PBXContainerItemProxy section */

/* Begin PBXFileReference section */
		2BCCDB8C1968DC63005C4A47 /* walk to circle.app */ = {isa = PBXFileReference; explicitFileType = wrapper.application; includeInIndex = 0; path = "walk to circle.app"; sourceTree = BUILT_PRODUCTS_DIR; };
		2BCCDB901968DC63005C4A47 /* Info.plist */ = {isa = PBXFileReference; lastKnownFileType = text.plist.xml; path = Info.plist; sourceTree = "<group>"; };
		2BCCDB911968DC63005C4A47 /* AppDelegate.swift */ = {isa = PBXFileReference; lastKnownFileType = sourcecode.swift; path = AppDelegate.swift; sourceTree = "<group>"; };
		2BCCDB931968DC63005C4A47 /* ViewController.swift */ = {isa = PBXFileReference; lastKnownFileType = sourcecode.swift; path = ViewController.swift; sourceTree = "<group>"; };
		2BCCDB961968DC63005C4A47 /* Base */ = {isa = PBXFileReference; lastKnownFileType = file.storyboard; name = Base; path = Base.lproj/Main.storyboard; sourceTree = "<group>"; };
		2BCCDB981968DC63005C4A47 /* Images.xcassets */ = {isa = PBXFileReference; lastKnownFileType = folder.assetcatalog; path = Images.xcassets; sourceTree = "<group>"; };
		2BCCDB9E1968DC63005C4A47 /* walk to circleTests.xctest */ = {isa = PBXFileReference; explicitFileType = wrapper.cfbundle; includeInIndex = 0; path = "walk to circleTests.xctest"; sourceTree = BUILT_PRODUCTS_DIR; };
		2BCCDBA31968DC63005C4A47 /* Info.plist */ = {isa = PBXFileReference; lastKnownFileType = text.plist.xml; path = Info.plist; sourceTree = "<group>"; };
		2BCCDBA41968DC63005C4A47 /* walk_to_circleTests.swift */ = {isa = PBXFileReference; lastKnownFileType = sourcecode.swift; path = walk_to_circleTests.swift; sourceTree = "<group>"; };
		2BCCDBAE1968DD6B005C4A47 /* MapKit.framework */ = {isa = PBXFileReference; lastKnownFileType = wrapper.framework; name = MapKit.framework; path = System/Library/Frameworks/MapKit.framework; sourceTree = SDKROOT; };
/* End PBXFileReference section */

/* Begin PBXFrameworksBuildPhase section */
		2BCCDB891968DC63005C4A47 /* Frameworks */ = {
			isa = PBXFrameworksBuildPhase;
			buildActionMask = 2147483647;
			files = (
				2BCCDBAF1968DD6B005C4A47 /* MapKit.framework in Frameworks */,
			);
			runOnlyForDeploymentPostprocessing = 0;
		};
		2BCCDB9B1968DC63005C4A47 /* Frameworks */ = {
			isa = PBXFrameworksBuildPhase;
			buildActionMask = 2147483647;
			files = (
			);
			runOnlyForDeploymentPostprocessing = 0;
		};
/* End PBXFrameworksBuildPhase section */

/* Begin PBXGroup section */
		2BCCDB831968DC63005C4A47 = {
			isa = PBXGroup;
			children = (
				2BCCDBAE1968DD6B005C4A47 /* MapKit.framework */,
				2BCCDB8E1968DC63005C4A47 /* walk to circle */,
				2BCCDBA11968DC63005C4A47 /* walk to circleTests */,
				2BCCDB8D1968DC63005C4A47 /* Products */,
			);
			sourceTree = "<group>";
		};
		2BCCDB8D1968DC63005C4A47 /* Products */ = {
			isa = PBXGroup;
			children = (
				2BCCDB8C1968DC63005C4A47 /* walk to circle.app */,
				2BCCDB9E1968DC63005C4A47 /* walk to circleTests.xctest */,
			);
			name = Products;
			sourceTree = "<group>";
		};
		2BCCDB8E1968DC63005C4A47 /* walk to circle */ = {
			isa = PBXGroup;
			children = (
				2BCCDB911968DC63005C4A47 /* AppDelegate.swift */,
				2BCCDB931968DC63005C4A47 /* ViewController.swift */,
				2BCCDB951968DC63005C4A47 /* Main.storyboard */,
				2BCCDB981968DC63005C4A47 /* Images.xcassets */,
				2BCCDB8F1968DC63005C4A47 /* Supporting Files */,
			);
			path = "walk to circle";
			sourceTree = "<group>";
		};
		2BCCDB8F1968DC63005C4A47 /* Supporting Files */ = {
			isa = PBXGroup;
			children = (
				2BCCDB901968DC63005C4A47 /* Info.plist */,
			);
			name = "Supporting Files";
			sourceTree = "<group>";
		};
		2BCCDBA11968DC63005C4A47 /* walk to circleTests */ = {
			isa = PBXGroup;
			children = (
				2BCCDBA41968DC63005C4A47 /* walk_to_circleTests.swift */,
				2BCCDBA21968DC63005C4A47 /* Supporting Files */,
			);
			path = "walk to circleTests";
			sourceTree = "<group>";
		};
		2BCCDBA21968DC63005C4A47 /* Supporting Files */ = {
			isa = PBXGroup;
			children = (
				2BCCDBA31968DC63005C4A47 /* Info.plist */,
			);
			name = "Supporting Files";
			sourceTree = "<group>";
		};
/* End PBXGroup section */

/* Begin PBXNativeTarget section */
		2BCCDB8B1968DC63005C4A47 /* walk to circle */ = {
			isa = PBXNativeTarget;
			buildConfigurationList = 2BCCDBA81968DC63005C4A47 /* Build configuration list for PBXNativeTarget "walk to circle" */;
			buildPhases = (
				2BCCDB881968DC63005C4A47 /* Sources */,
				2BCCDB891968DC63005C4A47 /* Frameworks */,
				2BCCDB8A1968DC63005C4A47 /* Resources */,
			);
			buildRules = (
			);
			dependencies = (
			);
			name = "walk to circle";
			productName = "walk to circle";
			productReference = 2BCCDB8C1968DC63005C4A47 /* walk to circle.app */;
			productType = "com.apple.product-type.application";
		};
		2BCCDB9D1968DC63005C4A47 /* walk to circleTests */ = {
			isa = PBXNativeTarget;
			buildConfigurationList = 2BCCDBAB1968DC63005C4A47 /* Build configuration list for PBXNativeTarget "walk to circleTests" */;
			buildPhases = (
				2BCCDB9A1968DC63005C4A47 /* Sources */,
				2BCCDB9B1968DC63005C4A47 /* Frameworks */,
				2BCCDB9C1968DC63005C4A47 /* Resources */,
			);
			buildRules = (
			);
			dependencies = (
				2BCCDBA01968DC63005C4A47 /* PBXTargetDependency */,
			);
			name = "walk to circleTests";
			productName = "walk to circleTests";
			productReference = 2BCCDB9E1968DC63005C4A47 /* walk to circleTests.xctest */;
			productType = "com.apple.product-type.bundle.unit-test";
		};
/* End PBXNativeTarget section */

/* Begin PBXProject section */
		2BCCDB841968DC63005C4A47 /* Project object */ = {
			isa = PBXProject;
			attributes = {
				LastUpgradeCheck = 0600;
				ORGANIZATIONNAME = "Evgenii Neumerzhitckii";
				TargetAttributes = {
					2BCCDB8B1968DC63005C4A47 = {
						CreatedOnToolsVersion = 6.0;
					};
					2BCCDB9D1968DC63005C4A47 = {
						CreatedOnToolsVersion = 6.0;
						TestTargetID = 2BCCDB8B1968DC63005C4A47;
					};
				};
			};
			buildConfigurationList = 2BCCDB871968DC63005C4A47 /* Build configuration list for PBXProject "walk to circle" */;
			compatibilityVersion = "Xcode 3.2";
			developmentRegion = English;
			hasScannedForEncodings = 0;
			knownRegions = (
				en,
				Base,
			);
			mainGroup = 2BCCDB831968DC63005C4A47;
			productRefGroup = 2BCCDB8D1968DC63005C4A47 /* Products */;
			projectDirPath = "";
			projectRoot = "";
			targets = (
				2BCCDB8B1968DC63005C4A47 /* walk to circle */,
				2BCCDB9D1968DC63005C4A47 /* walk to circleTests */,
			);
		};
/* End PBXProject section */

/* Begin PBXResourcesBuildPhase section */
		2BCCDB8A1968DC63005C4A47 /* Resources */ = {
			isa = PBXResourcesBuildPhase;
			buildActionMask = 2147483647;
			files = (
				2BCCDB971968DC63005C4A47 /* Main.storyboard in Resources */,
				2BCCDB991968DC63005C4A47 /* Images.xcassets in Resources */,
			);
			runOnlyForDeploymentPostprocessing = 0;
		};
		2BCCDB9C1968DC63005C4A47 /* Resources */ = {
			isa = PBXResourcesBuildPhase;
			buildActionMask = 2147483647;
			files = (
			);
			runOnlyForDeploymentPostprocessing = 0;
		};
/* End PBXResourcesBuildPhase section */

/* Begin PBXSourcesBuildPhase section */
		2BCCDB881968DC63005C4A47 /* Sources */ = {
			isa = PBXSourcesBuildPhase;
			buildActionMask = 2147483647;
			files = (
				2BCCDB941968DC63005C4A47 /* ViewController.swift in Sources */,
				2BCCDB921968DC63005C4A47 /* AppDelegate.swift in Sources */,
			);
			runOnlyForDeploymentPostprocessing = 0;
		};
		2BCCDB9A1968DC63005C4A47 /* Sources */ = {
			isa = PBXSourcesBuildPhase;
			buildActionMask = 2147483647;
			files = (
				2BCCDBA51968DC63005C4A47 /* walk_to_circleTests.swift in Sources */,
			);
			runOnlyForDeploymentPostprocessing = 0;
		};
/* End PBXSourcesBuildPhase section */

/* Begin PBXTargetDependency section */
		2BCCDBA01968DC63005C4A47 /* PBXTargetDependency */ = {
			isa = PBXTargetDependency;
			target = 2BCCDB8B1968DC63005C4A47 /* walk to circle */;
			targetProxy = 2BCCDB9F1968DC63005C4A47 /* PBXContainerItemProxy */;
		};
/* End PBXTargetDependency section */

/* Begin PBXVariantGroup section */
		2BCCDB951968DC63005C4A47 /* Main.storyboard */ = {
			isa = PBXVariantGroup;
			children = (
				2BCCDB961968DC63005C4A47 /* Base */,
			);
			name = Main.storyboard;
			sourceTree = "<group>";
		};
/* End PBXVariantGroup section */

/* Begin XCBuildConfiguration section */
		2BCCDBA61968DC63005C4A47 /* Debug */ = {
			isa = XCBuildConfiguration;
			buildSettings = {
				ALWAYS_SEARCH_USER_PATHS = NO;
				CLANG_CXX_LANGUAGE_STANDARD = "gnu++0x";
				CLANG_CXX_LIBRARY = "libc++";
				CLANG_ENABLE_MODULES = YES;
				CLANG_ENABLE_OBJC_ARC = YES;
				CLANG_WARN_BOOL_CONVERSION = YES;
				CLANG_WARN_CONSTANT_CONVERSION = YES;
				CLANG_WARN_DIRECT_OBJC_ISA_USAGE = YES_ERROR;
				CLANG_WARN_EMPTY_BODY = YES;
				CLANG_WARN_ENUM_CONVERSION = YES;
				CLANG_WARN_INT_CONVERSION = YES;
				CLANG_WARN_OBJC_ROOT_CLASS = YES_ERROR;
				CLANG_WARN_UNREACHABLE_CODE = YES;
				CLANG_WARN__DUPLICATE_METHOD_MATCH = YES;
				"CODE_SIGN_IDENTITY[sdk=iphoneos*]" = "iPhone Developer";
				COPY_PHASE_STRIP = NO;
				ENABLE_STRICT_OBJC_MSGSEND = YES;
				GCC_C_LANGUAGE_STANDARD = gnu99;
				GCC_DYNAMIC_NO_PIC = NO;
				GCC_OPTIMIZATION_LEVEL = 0;
				GCC_PREPROCESSOR_DEFINITIONS = (
					"DEBUG=1",
					"$(inherited)",
				);
				GCC_SYMBOLS_PRIVATE_EXTERN = NO;
				GCC_WARN_64_TO_32_BIT_CONVERSION = YES;
				GCC_WARN_ABOUT_RETURN_TYPE = YES_ERROR;
				GCC_WARN_UNDECLARED_SELECTOR = YES;
				GCC_WARN_UNINITIALIZED_AUTOS = YES_AGGRESSIVE;
				GCC_WARN_UNUSED_FUNCTION = YES;
				GCC_WARN_UNUSED_VARIABLE = YES;
				IPHONEOS_DEPLOYMENT_TARGET = 7.0;
				METAL_ENABLE_DEBUG_INFO = YES;
				ONLY_ACTIVE_ARCH = YES;
				SDKROOT = iphoneos;
				SWIFT_OPTIMIZATION_LEVEL = "-Onone";
				TARGETED_DEVICE_FAMILY = "1,2";
			};
			name = Debug;
		};
		2BCCDBA71968DC63005C4A47 /* Release */ = {
			isa = XCBuildConfiguration;
			buildSettings = {
				ALWAYS_SEARCH_USER_PATHS = NO;
				CLANG_CXX_LANGUAGE_STANDARD = "gnu++0x";
				CLANG_CXX_LIBRARY = "libc++";
				CLANG_ENABLE_MODULES = YES;
				CLANG_ENABLE_OBJC_ARC = YES;
				CLANG_WARN_BOOL_CONVERSION = YES;
				CLANG_WARN_CONSTANT_CONVERSION = YES;
				CLANG_WARN_DIRECT_OBJC_ISA_USAGE = YES_ERROR;
				CLANG_WARN_EMPTY_BODY = YES;
				CLANG_WARN_ENUM_CONVERSION = YES;
				CLANG_WARN_INT_CONVERSION = YES;
				CLANG_WARN_OBJC_ROOT_CLASS = YES_ERROR;
				CLANG_WARN_UNREACHABLE_CODE = YES;
				CLANG_WARN__DUPLICATE_METHOD_MATCH = YES;
				"CODE_SIGN_IDENTITY[sdk=iphoneos*]" = "iPhone Developer";
				COPY_PHASE_STRIP = YES;
				ENABLE_NS_ASSERTIONS = NO;
				ENABLE_STRICT_OBJC_MSGSEND = YES;
				GCC_C_LANGUAGE_STANDARD = gnu99;
				GCC_WARN_64_TO_32_BIT_CONVERSION = YES;
				GCC_WARN_ABOUT_RETURN_TYPE = YES_ERROR;
				GCC_WARN_UNDECLARED_SELECTOR = YES;
				GCC_WARN_UNINITIALIZED_AUTOS = YES_AGGRESSIVE;
				GCC_WARN_UNUSED_FUNCTION = YES;
				GCC_WARN_UNUSED_VARIABLE = YES;
				IPHONEOS_DEPLOYMENT_TARGET = 7.0;
				METAL_ENABLE_DEBUG_INFO = NO;
				SDKROOT = iphoneos;
				TARGETED_DEVICE_FAMILY = "1,2";
				VALIDATE_PRODUCT = YES;
			};
			name = Release;
		};
		2BCCDBA91968DC63005C4A47 /* Debug */ = {
			isa = XCBuildConfiguration;
			buildSettings = {
				ASSETCATALOG_COMPILER_APPICON_NAME = AppIcon;
				ASSETCATALOG_COMPILER_LAUNCHIMAGE_NAME = LaunchImage;
				INFOPLIST_FILE = "walk to circle/Info.plist";
				LD_RUNPATH_SEARCH_PATHS = "$(inherited) @executable_path/Frameworks";
				PRODUCT_NAME = "$(TARGET_NAME)";
			};
			name = Debug;
		};
		2BCCDBAA1968DC63005C4A47 /* Release */ = {
			isa = XCBuildConfiguration;
			buildSettings = {
				ASSETCATALOG_COMPILER_APPICON_NAME = AppIcon;
				ASSETCATALOG_COMPILER_LAUNCHIMAGE_NAME = LaunchImage;
				INFOPLIST_FILE = "walk to circle/Info.plist";
				LD_RUNPATH_SEARCH_PATHS = "$(inherited) @executable_path/Frameworks";
				PRODUCT_NAME = "$(TARGET_NAME)";
			};
			name = Release;
		};
		2BCCDBAC1968DC63005C4A47 /* Debug */ = {
			isa = XCBuildConfiguration;
			buildSettings = {
				BUNDLE_LOADER = "$(BUILT_PRODUCTS_DIR)/walk to circle.app/walk to circle";
				FRAMEWORK_SEARCH_PATHS = (
					"$(SDKROOT)/Developer/Library/Frameworks",
					"$(inherited)",
				);
				GCC_PREPROCESSOR_DEFINITIONS = (
					"DEBUG=1",
					"$(inherited)",
				);
				INFOPLIST_FILE = "walk to circleTests/Info.plist";
				LD_RUNPATH_SEARCH_PATHS = "$(inherited) @executable_path/Frameworks @loader_path/Frameworks";
				METAL_ENABLE_DEBUG_INFO = YES;
				PRODUCT_NAME = "$(TARGET_NAME)";
				TEST_HOST = "$(BUNDLE_LOADER)";
			};
			name = Debug;
		};
		2BCCDBAD1968DC63005C4A47 /* Release */ = {
			isa = XCBuildConfiguration;
			buildSettings = {
				BUNDLE_LOADER = "$(BUILT_PRODUCTS_DIR)/walk to circle.app/walk to circle";
				FRAMEWORK_SEARCH_PATHS = (
					"$(SDKROOT)/Developer/Library/Frameworks",
					"$(inherited)",
				);
				INFOPLIST_FILE = "walk to circleTests/Info.plist";
				LD_RUNPATH_SEARCH_PATHS = "$(inherited) @executable_path/Frameworks @loader_path/Frameworks";
				METAL_ENABLE_DEBUG_INFO = NO;
				PRODUCT_NAME = "$(TARGET_NAME)";
				TEST_HOST = "$(BUNDLE_LOADER)";
			};
			name = Release;
		};
/* End XCBuildConfiguration section */

/* Begin XCConfigurationList section */
		2BCCDB871968DC63005C4A47 /* Build configuration list for PBXProject "walk to circle" */ = {
			isa = XCConfigurationList;
			buildConfigurations = (
				2BCCDBA61968DC63005C4A47 /* Debug */,
				2BCCDBA71968DC63005C4A47 /* Release */,
			);
			defaultConfigurationIsVisible = 0;
			defaultConfigurationName = Release;
		};
		2BCCDBA81968DC63005C4A47 /* Build configuration list for PBXNativeTarget "walk to circle" */ = {
			isa = XCConfigurationList;
			buildConfigurations = (
				2BCCDBA91968DC63005C4A47 /* Debug */,
				2BCCDBAA1968DC63005C4A47 /* Release */,
			);
			defaultConfigurationIsVisible = 0;
		};
		2BCCDBAB1968DC63005C4A47 /* Build configuration list for PBXNativeTarget "walk to circleTests" */ = {
			isa = XCConfigurationList;
			buildConfigurations = (
				2BCCDBAC1968DC63005C4A47 /* Debug */,
				2BCCDBAD1968DC63005C4A47 /* Release */,
			);
			defaultConfigurationIsVisible = 0;
		};
/* End XCConfigurationList section */
	};
	rootObject = 2BCCDB841968DC63005C4A47 /* Project object */;
}
